<?xml version="1.0" encoding="utf-8"?>
<Project ToolsVersion="4.0" xmlns="http://schemas.microsoft.com/developer/msbuild/2003">
  <ItemGroup>
    <Filter Include="Source Files">
      <UniqueIdentifier>{4FC737F1-C7A5-4376-A066-2A32D752A2FF}</UniqueIdentifier>
      <Extensions>cpp;c;cc;cxx;def;odl;idl;hpj;bat;asm;asmx</Extensions>
    </Filter>
    <Filter Include="Header Files">
      <UniqueIdentifier>{93995380-89BD-4b04-88EB-625FBE52EBFB}</UniqueIdentifier>
      <Extensions>h;hpp;hxx;hm;inl;inc;xsd</Extensions>
    </Filter>
    <Filter Include="Resource Files">
      <UniqueIdentifier>{67DA6AB6-F800-4c08-8B7A-83BB121AAD01}</UniqueIdentifier>
      <Extensions>rc;ico;cur;bmp;dlg;rc2;rct;bin;rgs;gif;jpg;jpeg;jpe;resx;tiff;tif;png;wav;mfcribbon-ms</Extensions>
    </Filter>
  </ItemGroup>
  <ItemGroup>
    <Text Include="ReadMe.txt" />
  </ItemGroup>
  <ItemGroup>
    <ClInclude Include="stdafx.h">
      <Filter>Header Files</Filter>
    </ClInclude>
    <ClInclude Include="targetver.h">
      <Filter>Header Files</Filter>
    </ClInclude>
    <ClInclude Include="AdvrNotReadyState.h">
      <Filter>Header Files</Filter>
    </ClInclude>
    <ClInclude Include="AdvrReadyState.h">
      <Filter>Header Files</Filter>
    </ClInclude>
    <ClInclude Include="AdvrRecordingState.h">
      <Filter>Header Files</Filter>
    </ClInclude>
    <ClInclude Include="AdvrShuttingDownState.h">
      <Filter>Header Files</Filter>
    </ClInclude>
    <ClInclude Include="AdvrState.h">
      <Filter>Header Files</Filter>
    </ClInclude>
    <ClInclude Include="AdvrStateContext.h">
      <Filter>Header Files</Filter>
    </ClInclude>
    <ClInclude Include="AdvrUtils.h">
      <Filter>Header Files</Filter>
    </ClInclude>
    <ClInclude Include="CameraLoop.h">
      <Filter>Header Files</Filter>
    </ClInclude>
    <ClInclude Include="DataProcessingLoop.h">
      <Filter>Header Files</Filter>
    </ClInclude>
    <ClInclude Include="FrameExposureInfo.h">
      <Filter>Header Files</Filter>
    </ClInclude>
    <ClInclude Include="HtccChangingBetweenAutoAndTriggeredState.h">
      <Filter>Header Files</Filter>
    </ClInclude>
    <ClInclude Include="HtccDisconnectedState.h">
      <Filter>Header Files</Filter>
    </ClInclude>
    <ClInclude Include="HtccInitialisedState.h">
      <Filter>Header Files</Filter>
    </ClInclude>
    <ClInclude Include="HtccInitialisingState.h">
      <Filter>Header Files</Filter>
    </ClInclude>
    <ClInclude Include="HtccMessage.h">
      <Filter>Header Files</Filter>
    </ClInclude>
    <ClInclude Include="HtccState.h">
      <Filter>Header Files</Filter>
    </ClInclude>
    <ClInclude Include="HtccStateMachine.h">
      <Filter>Header Files</Filter>
    </ClInclude>
    <ClInclude Include="HtccWaitingForFirstFrameState.h">
      <Filter>Header Files</Filter>
    </ClInclude>
    <ClInclude Include="PtGreyCamera.h">
      <Filter>Header Files</Filter>
    </ClInclude>
    <ClInclude Include="PtGreyImage.h">
      <Filter>Header Files</Filter>
    </ClInclude>
    <ClInclude Include="SerialHcPolling.h">
      <Filter>Header Files</Filter>
    </ClInclude>
    <ClInclude Include="SerialHtccLoop.h">
      <Filter>Header Files</Filter>
    </ClInclude>
    <ClInclude Include="GlobalDefines.h">
      <Filter>Header Files</Filter>
    </ClInclude>
    <ClInclude Include="HcCommand.h">
      <Filter>Header Files</Filter>
    </ClInclude>
    <ClInclude Include="GlobalVars.h">
      <Filter>Header Files</Filter>
    </ClInclude>
  </ItemGroup>
  <ItemGroup>
    <ClCompile Include="stdafx.cpp">
      <Filter>Source Files</Filter>
    </ClCompile>
    <ClCompile Include="dllmain.cpp">
      <Filter>Source Files</Filter>
    </ClCompile>
    <ClCompile Include="AdvrNotReadyState.cpp">
      <Filter>Source Files</Filter>
    </ClCompile>
    <ClCompile Include="AdvrReadyState.cpp">
      <Filter>Source Files</Filter>
    </ClCompile>
    <ClCompile Include="AdvrRecordingState.cpp">
      <Filter>Source Files</Filter>
    </ClCompile>
    <ClCompile Include="AdvrShuttingDownState.cpp">
      <Filter>Source Files</Filter>
    </ClCompile>
    <ClCompile Include="AdvrState.cpp">
      <Filter>Source Files</Filter>
    </ClCompile>
    <ClCompile Include="AdvrStateContext.cpp">
      <Filter>Source Files</Filter>
    </ClCompile>
    <ClCompile Include="CameraLoop.cpp">
      <Filter>Source Files</Filter>
    </ClCompile>
    <ClCompile Include="DataProcessingLoop.cpp">
      <Filter>Source Files</Filter>
    </ClCompile>
    <ClCompile Include="HtccChangingBetweenAutoAndTriggeredState.cpp">
      <Filter>Source Files</Filter>
    </ClCompile>
    <ClCompile Include="HtccDisconnectedState.cpp">
      <Filter>Source Files</Filter>
    </ClCompile>
    <ClCompile Include="HtccInitialisedState.cpp">
      <Filter>Source Files</Filter>
    </ClCompile>
    <ClCompile Include="HtccInitialisingState.cpp">
      <Filter>Source Files</Filter>
    </ClCompile>
    <ClCompile Include="HtccMessage.cpp">
      <Filter>Source Files</Filter>
    </ClCompile>
    <ClCompile Include="HtccState.cpp">
      <Filter>Source Files</Filter>
    </ClCompile>
    <ClCompile Include="HtccStateMachine.cpp">
      <Filter>Source Files</Filter>
    </ClCompile>
    <ClCompile Include="HtccWaitingForFirstFrameState.cpp">
      <Filter>Source Files</Filter>
    </ClCompile>
    <ClCompile Include="PtGreyCamera.cpp">
      <Filter>Source Files</Filter>
    </ClCompile>
    <ClCompile Include="PtGreyImage.cpp">
      <Filter>Source Files</Filter>
    </ClCompile>
    <ClCompile Include="SerialHcPolling.cpp">
      <Filter>Source Files</Filter>
    </ClCompile>
    <ClCompile Include="SerialHtccLoop.cpp">
      <Filter>Source Files</Filter>
    </ClCompile>
  </ItemGroup>
</Project>