
Microsoft Visual Studio Solution File, Format Version 12.00
# Visual Studio 2012
Project("{FAE04EC0-301F-11D3-BF4B-00C04F79EFBC}") = "AAVRec", "AAVRec\AAVRec.csproj", "{B501E13A-44D3-4B3C-9B65-3A326FE49767}"
EndProject
Project("{8BC9CEB8-8B4A-11D0-8D11-00A0C91BC942}") = "AAVRec.Core", "AAVRec.Core\AAVRec.Core.vcxproj", "{52C2C4DC-8205-4C0B-A330-A6D20809B9FF}"
EndProject
Project("{FAE04EC0-301F-11D3-BF4B-00C04F79EFBC}") = "SignatureTester", "..\AAVSignatureTester\SignatureTester.csproj", "{BC9E963B-02A5-436E-819B-8BF71E94C6E1}"
EndProject
Project("{FAE04EC0-301F-11D3-BF4B-00C04F79EFBC}") = "AAVRecUpdate", "AAVRecUpdate\AAVRecUpdate.csproj", "{C4AD98C2-3E0A-4AB2-B7D1-31A5E13F2BDC}"
EndProject
Project("{FAE04EC0-301F-11D3-BF4B-00C04F79EFBC}") = "AAVRecSelfUpdate", "AAVRecUpdate\AAVRecSelfUpdate\AAVRecSelfUpdate.csproj", "{16959003-A7F6-424A-BB62-7E6914240F9B}"
EndProject
Global
	GlobalSection(SolutionConfigurationPlatforms) = preSolution
		AutomatedBuild|Any CPU = AutomatedBuild|Any CPU
		AutomatedBuild|Mixed Platforms = AutomatedBuild|Mixed Platforms
		AutomatedBuild|Win32 = AutomatedBuild|Win32
		AutomatedBuild|x64 = AutomatedBuild|x64
		AutomatedBuild|x86 = AutomatedBuild|x86
		CD_ROM|Any CPU = CD_ROM|Any CPU
		CD_ROM|Mixed Platforms = CD_ROM|Mixed Platforms
		CD_ROM|Win32 = CD_ROM|Win32
		CD_ROM|x64 = CD_ROM|x64
		CD_ROM|x86 = CD_ROM|x86
		Debug|Any CPU = Debug|Any CPU
		Debug|Mixed Platforms = Debug|Mixed Platforms
		Debug|Win32 = Debug|Win32
		Debug|x64 = Debug|x64
		Debug|x86 = Debug|x86
		DVD-5|Any CPU = DVD-5|Any CPU
		DVD-5|Mixed Platforms = DVD-5|Mixed Platforms
		DVD-5|Win32 = DVD-5|Win32
		DVD-5|x64 = DVD-5|x64
		DVD-5|x86 = DVD-5|x86
		Old Tangra|Any CPU = Old Tangra|Any CPU
		Old Tangra|Mixed Platforms = Old Tangra|Mixed Platforms
		Old Tangra|Win32 = Old Tangra|Win32
		Old Tangra|x64 = Old Tangra|x64
		Old Tangra|x86 = Old Tangra|x86
		Production|Any CPU = Production|Any CPU
		Production|Mixed Platforms = Production|Mixed Platforms
		Production|Win32 = Production|Win32
		Production|x64 = Production|x64
		Production|x86 = Production|x86
		Release|Any CPU = Release|Any CPU
		Release|Mixed Platforms = Release|Mixed Platforms
		Release|Win32 = Release|Win32
		Release|x64 = Release|x64
		Release|x86 = Release|x86
		SingleImage|Any CPU = SingleImage|Any CPU
		SingleImage|Mixed Platforms = SingleImage|Mixed Platforms
		SingleImage|Win32 = SingleImage|Win32
		SingleImage|x64 = SingleImage|x64
		SingleImage|x86 = SingleImage|x86
		UnitTests|Any CPU = UnitTests|Any CPU
		UnitTests|Mixed Platforms = UnitTests|Mixed Platforms
		UnitTests|Win32 = UnitTests|Win32
		UnitTests|x64 = UnitTests|x64
		UnitTests|x86 = UnitTests|x86
	EndGlobalSection
	GlobalSection(ProjectConfigurationPlatforms) = postSolution
		{B501E13A-44D3-4B3C-9B65-3A326FE49767}.AutomatedBuild|Any CPU.ActiveCfg = Debug|x86
		{B501E13A-44D3-4B3C-9B65-3A326FE49767}.AutomatedBuild|Mixed Platforms.ActiveCfg = Debug|x86
		{B501E13A-44D3-4B3C-9B65-3A326FE49767}.AutomatedBuild|Mixed Platforms.Build.0 = Debug|x86
		{B501E13A-44D3-4B3C-9B65-3A326FE49767}.AutomatedBuild|Win32.ActiveCfg = Debug|x86
		{B501E13A-44D3-4B3C-9B65-3A326FE49767}.AutomatedBuild|Win32.Build.0 = Debug|x86
		{B501E13A-44D3-4B3C-9B65-3A326FE49767}.AutomatedBuild|x64.ActiveCfg = Debug|x86
		{B501E13A-44D3-4B3C-9B65-3A326FE49767}.AutomatedBuild|x86.ActiveCfg = Debug|x86
		{B501E13A-44D3-4B3C-9B65-3A326FE49767}.AutomatedBuild|x86.Build.0 = Debug|x86
		{B501E13A-44D3-4B3C-9B65-3A326FE49767}.CD_ROM|Any CPU.ActiveCfg = Debug|x86
		{B501E13A-44D3-4B3C-9B65-3A326FE49767}.CD_ROM|Mixed Platforms.ActiveCfg = Release|x86
		{B501E13A-44D3-4B3C-9B65-3A326FE49767}.CD_ROM|Mixed Platforms.Build.0 = Release|x86
		{B501E13A-44D3-4B3C-9B65-3A326FE49767}.CD_ROM|Win32.ActiveCfg = Release|x86
		{B501E13A-44D3-4B3C-9B65-3A326FE49767}.CD_ROM|Win32.Build.0 = Release|x86
		{B501E13A-44D3-4B3C-9B65-3A326FE49767}.CD_ROM|x64.ActiveCfg = Debug|x86
		{B501E13A-44D3-4B3C-9B65-3A326FE49767}.CD_ROM|x86.ActiveCfg = Release|x86
		{B501E13A-44D3-4B3C-9B65-3A326FE49767}.CD_ROM|x86.Build.0 = Release|x86
		{B501E13A-44D3-4B3C-9B65-3A326FE49767}.Debug|Any CPU.ActiveCfg = Debug|x86
		{B501E13A-44D3-4B3C-9B65-3A326FE49767}.Debug|Mixed Platforms.ActiveCfg = Debug|x86
		{B501E13A-44D3-4B3C-9B65-3A326FE49767}.Debug|Mixed Platforms.Build.0 = Debug|x86
		{B501E13A-44D3-4B3C-9B65-3A326FE49767}.Debug|Win32.ActiveCfg = Debug|x86
		{B501E13A-44D3-4B3C-9B65-3A326FE49767}.Debug|x64.ActiveCfg = Debug|x86
		{B501E13A-44D3-4B3C-9B65-3A326FE49767}.Debug|x86.ActiveCfg = Debug|x86
		{B501E13A-44D3-4B3C-9B65-3A326FE49767}.Debug|x86.Build.0 = Debug|x86
		{B501E13A-44D3-4B3C-9B65-3A326FE49767}.DVD-5|Any CPU.ActiveCfg = Debug|x86
		{B501E13A-44D3-4B3C-9B65-3A326FE49767}.DVD-5|Mixed Platforms.ActiveCfg = Debug|x86
		{B501E13A-44D3-4B3C-9B65-3A326FE49767}.DVD-5|Mixed Platforms.Build.0 = Debug|x86
		{B501E13A-44D3-4B3C-9B65-3A326FE49767}.DVD-5|Win32.ActiveCfg = Debug|x86
		{B501E13A-44D3-4B3C-9B65-3A326FE49767}.DVD-5|Win32.Build.0 = Debug|x86
		{B501E13A-44D3-4B3C-9B65-3A326FE49767}.DVD-5|x64.ActiveCfg = Debug|x86
		{B501E13A-44D3-4B3C-9B65-3A326FE49767}.DVD-5|x86.ActiveCfg = Debug|x86
		{B501E13A-44D3-4B3C-9B65-3A326FE49767}.DVD-5|x86.Build.0 = Debug|x86
		{B501E13A-44D3-4B3C-9B65-3A326FE49767}.Old Tangra|Any CPU.ActiveCfg = Debug|x86
		{B501E13A-44D3-4B3C-9B65-3A326FE49767}.Old Tangra|Mixed Platforms.ActiveCfg = Debug|x86
		{B501E13A-44D3-4B3C-9B65-3A326FE49767}.Old Tangra|Mixed Platforms.Build.0 = Debug|x86
		{B501E13A-44D3-4B3C-9B65-3A326FE49767}.Old Tangra|Win32.ActiveCfg = Debug|x86
		{B501E13A-44D3-4B3C-9B65-3A326FE49767}.Old Tangra|Win32.Build.0 = Debug|x86
		{B501E13A-44D3-4B3C-9B65-3A326FE49767}.Old Tangra|x64.ActiveCfg = Debug|x86
		{B501E13A-44D3-4B3C-9B65-3A326FE49767}.Old Tangra|x86.ActiveCfg = Debug|x86
		{B501E13A-44D3-4B3C-9B65-3A326FE49767}.Old Tangra|x86.Build.0 = Debug|x86
		{B501E13A-44D3-4B3C-9B65-3A326FE49767}.Production|Any CPU.ActiveCfg = Debug|x86
		{B501E13A-44D3-4B3C-9B65-3A326FE49767}.Production|Mixed Platforms.ActiveCfg = Debug|x86
		{B501E13A-44D3-4B3C-9B65-3A326FE49767}.Production|Mixed Platforms.Build.0 = Debug|x86
		{B501E13A-44D3-4B3C-9B65-3A326FE49767}.Production|Win32.ActiveCfg = Debug|x86
		{B501E13A-44D3-4B3C-9B65-3A326FE49767}.Production|Win32.Build.0 = Debug|x86
		{B501E13A-44D3-4B3C-9B65-3A326FE49767}.Production|x64.ActiveCfg = Debug|x86
		{B501E13A-44D3-4B3C-9B65-3A326FE49767}.Production|x86.ActiveCfg = Debug|x86
		{B501E13A-44D3-4B3C-9B65-3A326FE49767}.Production|x86.Build.0 = Debug|x86
		{B501E13A-44D3-4B3C-9B65-3A326FE49767}.Release|Any CPU.ActiveCfg = Release|x86
		{B501E13A-44D3-4B3C-9B65-3A326FE49767}.Release|Mixed Platforms.ActiveCfg = Release|x86
		{B501E13A-44D3-4B3C-9B65-3A326FE49767}.Release|Mixed Platforms.Build.0 = Release|x86
		{B501E13A-44D3-4B3C-9B65-3A326FE49767}.Release|Win32.ActiveCfg = Release|x86
		{B501E13A-44D3-4B3C-9B65-3A326FE49767}.Release|x64.ActiveCfg = Release|x86
		{B501E13A-44D3-4B3C-9B65-3A326FE49767}.Release|x86.ActiveCfg = Release|x86
		{B501E13A-44D3-4B3C-9B65-3A326FE49767}.Release|x86.Build.0 = Release|x86
		{B501E13A-44D3-4B3C-9B65-3A326FE49767}.SingleImage|Any CPU.ActiveCfg = Debug|x86
		{B501E13A-44D3-4B3C-9B65-3A326FE49767}.SingleImage|Mixed Platforms.ActiveCfg = Release|x86
		{B501E13A-44D3-4B3C-9B65-3A326FE49767}.SingleImage|Mixed Platforms.Build.0 = Release|x86
		{B501E13A-44D3-4B3C-9B65-3A326FE49767}.SingleImage|Win32.ActiveCfg = Release|x86
		{B501E13A-44D3-4B3C-9B65-3A326FE49767}.SingleImage|Win32.Build.0 = Release|x86
		{B501E13A-44D3-4B3C-9B65-3A326FE49767}.SingleImage|x64.ActiveCfg = Debug|x86
		{B501E13A-44D3-4B3C-9B65-3A326FE49767}.SingleImage|x86.ActiveCfg = Release|x86
		{B501E13A-44D3-4B3C-9B65-3A326FE49767}.SingleImage|x86.Build.0 = Release|x86
		{B501E13A-44D3-4B3C-9B65-3A326FE49767}.UnitTests|Any CPU.ActiveCfg = Debug|x86
		{B501E13A-44D3-4B3C-9B65-3A326FE49767}.UnitTests|Mixed Platforms.ActiveCfg = Debug|x86
		{B501E13A-44D3-4B3C-9B65-3A326FE49767}.UnitTests|Mixed Platforms.Build.0 = Debug|x86
		{B501E13A-44D3-4B3C-9B65-3A326FE49767}.UnitTests|Win32.ActiveCfg = Debug|x86
		{B501E13A-44D3-4B3C-9B65-3A326FE49767}.UnitTests|Win32.Build.0 = Debug|x86
		{B501E13A-44D3-4B3C-9B65-3A326FE49767}.UnitTests|x64.ActiveCfg = Debug|x86
		{B501E13A-44D3-4B3C-9B65-3A326FE49767}.UnitTests|x86.ActiveCfg = Debug|x86
		{B501E13A-44D3-4B3C-9B65-3A326FE49767}.UnitTests|x86.Build.0 = Debug|x86
		{52C2C4DC-8205-4C0B-A330-A6D20809B9FF}.AutomatedBuild|Any CPU.ActiveCfg = Debug|Win32
		{52C2C4DC-8205-4C0B-A330-A6D20809B9FF}.AutomatedBuild|Mixed Platforms.ActiveCfg = Debug|Win32
		{52C2C4DC-8205-4C0B-A330-A6D20809B9FF}.AutomatedBuild|Mixed Platforms.Build.0 = Debug|Win32
		{52C2C4DC-8205-4C0B-A330-A6D20809B9FF}.AutomatedBuild|Win32.ActiveCfg = Debug|Win32
		{52C2C4DC-8205-4C0B-A330-A6D20809B9FF}.AutomatedBuild|Win32.Build.0 = Debug|Win32
		{52C2C4DC-8205-4C0B-A330-A6D20809B9FF}.AutomatedBuild|x64.ActiveCfg = Debug|Win32
		{52C2C4DC-8205-4C0B-A330-A6D20809B9FF}.AutomatedBuild|x86.ActiveCfg = Debug|Win32
		{52C2C4DC-8205-4C0B-A330-A6D20809B9FF}.AutomatedBuild|x86.Build.0 = Debug|Win32
		{52C2C4DC-8205-4C0B-A330-A6D20809B9FF}.CD_ROM|Any CPU.ActiveCfg = Debug|Win32
		{52C2C4DC-8205-4C0B-A330-A6D20809B9FF}.CD_ROM|Mixed Platforms.ActiveCfg = Release|Win32
		{52C2C4DC-8205-4C0B-A330-A6D20809B9FF}.CD_ROM|Mixed Platforms.Build.0 = Release|Win32
		{52C2C4DC-8205-4C0B-A330-A6D20809B9FF}.CD_ROM|Win32.ActiveCfg = Release|Win32
		{52C2C4DC-8205-4C0B-A330-A6D20809B9FF}.CD_ROM|Win32.Build.0 = Release|Win32
		{52C2C4DC-8205-4C0B-A330-A6D20809B9FF}.CD_ROM|x64.ActiveCfg = Debug|Win32
		{52C2C4DC-8205-4C0B-A330-A6D20809B9FF}.CD_ROM|x86.ActiveCfg = Release|Win32
		{52C2C4DC-8205-4C0B-A330-A6D20809B9FF}.CD_ROM|x86.Build.0 = Release|Win32
		{52C2C4DC-8205-4C0B-A330-A6D20809B9FF}.Debug|Any CPU.ActiveCfg = Debug|Win32
		{52C2C4DC-8205-4C0B-A330-A6D20809B9FF}.Debug|Mixed Platforms.ActiveCfg = Debug|Win32
		{52C2C4DC-8205-4C0B-A330-A6D20809B9FF}.Debug|Mixed Platforms.Build.0 = Debug|Win32
		{52C2C4DC-8205-4C0B-A330-A6D20809B9FF}.Debug|Win32.ActiveCfg = Debug|Win32
		{52C2C4DC-8205-4C0B-A330-A6D20809B9FF}.Debug|Win32.Build.0 = Debug|Win32
		{52C2C4DC-8205-4C0B-A330-A6D20809B9FF}.Debug|x64.ActiveCfg = Debug|Win32
		{52C2C4DC-8205-4C0B-A330-A6D20809B9FF}.Debug|x86.ActiveCfg = Debug|Win32
		{52C2C4DC-8205-4C0B-A330-A6D20809B9FF}.DVD-5|Any CPU.ActiveCfg = Debug|Win32
		{52C2C4DC-8205-4C0B-A330-A6D20809B9FF}.DVD-5|Mixed Platforms.ActiveCfg = Debug|Win32
		{52C2C4DC-8205-4C0B-A330-A6D20809B9FF}.DVD-5|Mixed Platforms.Build.0 = Debug|Win32
		{52C2C4DC-8205-4C0B-A330-A6D20809B9FF}.DVD-5|Win32.ActiveCfg = Debug|Win32
		{52C2C4DC-8205-4C0B-A330-A6D20809B9FF}.DVD-5|Win32.Build.0 = Debug|Win32
		{52C2C4DC-8205-4C0B-A330-A6D20809B9FF}.DVD-5|x64.ActiveCfg = Debug|Win32
		{52C2C4DC-8205-4C0B-A330-A6D20809B9FF}.DVD-5|x86.ActiveCfg = Debug|Win32
		{52C2C4DC-8205-4C0B-A330-A6D20809B9FF}.DVD-5|x86.Build.0 = Debug|Win32
		{52C2C4DC-8205-4C0B-A330-A6D20809B9FF}.Old Tangra|Any CPU.ActiveCfg = Debug|Win32
		{52C2C4DC-8205-4C0B-A330-A6D20809B9FF}.Old Tangra|Mixed Platforms.ActiveCfg = Debug|Win32
		{52C2C4DC-8205-4C0B-A330-A6D20809B9FF}.Old Tangra|Mixed Platforms.Build.0 = Debug|Win32
		{52C2C4DC-8205-4C0B-A330-A6D20809B9FF}.Old Tangra|Win32.ActiveCfg = Debug|Win32
		{52C2C4DC-8205-4C0B-A330-A6D20809B9FF}.Old Tangra|Win32.Build.0 = Debug|Win32
		{52C2C4DC-8205-4C0B-A330-A6D20809B9FF}.Old Tangra|x64.ActiveCfg = Debug|Win32
		{52C2C4DC-8205-4C0B-A330-A6D20809B9FF}.Old Tangra|x86.ActiveCfg = Debug|Win32
		{52C2C4DC-8205-4C0B-A330-A6D20809B9FF}.Old Tangra|x86.Build.0 = Debug|Win32
		{52C2C4DC-8205-4C0B-A330-A6D20809B9FF}.Production|Any CPU.ActiveCfg = Debug|Win32
		{52C2C4DC-8205-4C0B-A330-A6D20809B9FF}.Production|Mixed Platforms.ActiveCfg = Debug|Win32
		{52C2C4DC-8205-4C0B-A330-A6D20809B9FF}.Production|Mixed Platforms.Build.0 = Debug|Win32
		{52C2C4DC-8205-4C0B-A330-A6D20809B9FF}.Production|Win32.ActiveCfg = Debug|Win32
		{52C2C4DC-8205-4C0B-A330-A6D20809B9FF}.Production|Win32.Build.0 = Debug|Win32
		{52C2C4DC-8205-4C0B-A330-A6D20809B9FF}.Production|x64.ActiveCfg = Debug|Win32
		{52C2C4DC-8205-4C0B-A330-A6D20809B9FF}.Production|x86.ActiveCfg = Debug|Win32
		{52C2C4DC-8205-4C0B-A330-A6D20809B9FF}.Production|x86.Build.0 = Debug|Win32
		{52C2C4DC-8205-4C0B-A330-A6D20809B9FF}.Release|Any CPU.ActiveCfg = Release|Win32
		{52C2C4DC-8205-4C0B-A330-A6D20809B9FF}.Release|Mixed Platforms.ActiveCfg = Release|Win32
		{52C2C4DC-8205-4C0B-A330-A6D20809B9FF}.Release|Mixed Platforms.Build.0 = Release|Win32
		{52C2C4DC-8205-4C0B-A330-A6D20809B9FF}.Release|Win32.ActiveCfg = Release|Win32
		{52C2C4DC-8205-4C0B-A330-A6D20809B9FF}.Release|Win32.Build.0 = Release|Win32
		{52C2C4DC-8205-4C0B-A330-A6D20809B9FF}.Release|x64.ActiveCfg = Release|Win32
		{52C2C4DC-8205-4C0B-A330-A6D20809B9FF}.Release|x86.ActiveCfg = Release|Win32
		{52C2C4DC-8205-4C0B-A330-A6D20809B9FF}.SingleImage|Any CPU.ActiveCfg = Debug|Win32
		{52C2C4DC-8205-4C0B-A330-A6D20809B9FF}.SingleImage|Mixed Platforms.ActiveCfg = Release|Win32
		{52C2C4DC-8205-4C0B-A330-A6D20809B9FF}.SingleImage|Mixed Platforms.Build.0 = Release|Win32
		{52C2C4DC-8205-4C0B-A330-A6D20809B9FF}.SingleImage|Win32.ActiveCfg = Release|Win32
		{52C2C4DC-8205-4C0B-A330-A6D20809B9FF}.SingleImage|Win32.Build.0 = Release|Win32
		{52C2C4DC-8205-4C0B-A330-A6D20809B9FF}.SingleImage|x64.ActiveCfg = Debug|Win32
		{52C2C4DC-8205-4C0B-A330-A6D20809B9FF}.SingleImage|x86.ActiveCfg = Release|Win32
		{52C2C4DC-8205-4C0B-A330-A6D20809B9FF}.SingleImage|x86.Build.0 = Release|Win32
		{52C2C4DC-8205-4C0B-A330-A6D20809B9FF}.UnitTests|Any CPU.ActiveCfg = Debug|Win32
		{52C2C4DC-8205-4C0B-A330-A6D20809B9FF}.UnitTests|Mixed Platforms.ActiveCfg = Debug|Win32
		{52C2C4DC-8205-4C0B-A330-A6D20809B9FF}.UnitTests|Mixed Platforms.Build.0 = Debug|Win32
		{52C2C4DC-8205-4C0B-A330-A6D20809B9FF}.UnitTests|Win32.ActiveCfg = Debug|Win32
		{52C2C4DC-8205-4C0B-A330-A6D20809B9FF}.UnitTests|Win32.Build.0 = Debug|Win32
		{52C2C4DC-8205-4C0B-A330-A6D20809B9FF}.UnitTests|x64.ActiveCfg = Debug|Win32
		{52C2C4DC-8205-4C0B-A330-A6D20809B9FF}.UnitTests|x86.ActiveCfg = Debug|Win32
		{52C2C4DC-8205-4C0B-A330-A6D20809B9FF}.UnitTests|x86.Build.0 = Debug|Win32
		{BC9E963B-02A5-436E-819B-8BF71E94C6E1}.AutomatedBuild|Any CPU.ActiveCfg = Debug|x86
		{BC9E963B-02A5-436E-819B-8BF71E94C6E1}.AutomatedBuild|Mixed Platforms.ActiveCfg = Debug|x86
		{BC9E963B-02A5-436E-819B-8BF71E94C6E1}.AutomatedBuild|Win32.ActiveCfg = Debug|x86
		{BC9E963B-02A5-436E-819B-8BF71E94C6E1}.AutomatedBuild|x64.ActiveCfg = Debug|x86
		{BC9E963B-02A5-436E-819B-8BF71E94C6E1}.AutomatedBuild|x86.ActiveCfg = Debug|x86
		{BC9E963B-02A5-436E-819B-8BF71E94C6E1}.CD_ROM|Any CPU.ActiveCfg = Debug|x86
		{BC9E963B-02A5-436E-819B-8BF71E94C6E1}.CD_ROM|Mixed Platforms.ActiveCfg = Release|x86
		{BC9E963B-02A5-436E-819B-8BF71E94C6E1}.CD_ROM|Win32.ActiveCfg = Release|x86
		{BC9E963B-02A5-436E-819B-8BF71E94C6E1}.CD_ROM|x64.ActiveCfg = Debug|x86
		{BC9E963B-02A5-436E-819B-8BF71E94C6E1}.CD_ROM|x86.ActiveCfg = Release|x86
		{BC9E963B-02A5-436E-819B-8BF71E94C6E1}.Debug|Any CPU.ActiveCfg = Debug|x86
		{BC9E963B-02A5-436E-819B-8BF71E94C6E1}.Debug|Mixed Platforms.ActiveCfg = Debug|x86
		{BC9E963B-02A5-436E-819B-8BF71E94C6E1}.Debug|Mixed Platforms.Build.0 = Debug|x86
		{BC9E963B-02A5-436E-819B-8BF71E94C6E1}.Debug|Win32.ActiveCfg = Debug|x86
		{BC9E963B-02A5-436E-819B-8BF71E94C6E1}.Debug|x64.ActiveCfg = Debug|x86
		{BC9E963B-02A5-436E-819B-8BF71E94C6E1}.Debug|x86.ActiveCfg = Debug|x86
		{BC9E963B-02A5-436E-819B-8BF71E94C6E1}.Debug|x86.Build.0 = Debug|x86
		{BC9E963B-02A5-436E-819B-8BF71E94C6E1}.DVD-5|Any CPU.ActiveCfg = Debug|x86
		{BC9E963B-02A5-436E-819B-8BF71E94C6E1}.DVD-5|Mixed Platforms.ActiveCfg = Debug|x86
		{BC9E963B-02A5-436E-819B-8BF71E94C6E1}.DVD-5|Win32.ActiveCfg = Debug|x86
		{BC9E963B-02A5-436E-819B-8BF71E94C6E1}.DVD-5|x64.ActiveCfg = Debug|x86
		{BC9E963B-02A5-436E-819B-8BF71E94C6E1}.DVD-5|x86.ActiveCfg = Debug|x86
		{BC9E963B-02A5-436E-819B-8BF71E94C6E1}.Old Tangra|Any CPU.ActiveCfg = Debug|x86
		{BC9E963B-02A5-436E-819B-8BF71E94C6E1}.Old Tangra|Mixed Platforms.ActiveCfg = Debug|x86
		{BC9E963B-02A5-436E-819B-8BF71E94C6E1}.Old Tangra|Win32.ActiveCfg = Debug|x86
		{BC9E963B-02A5-436E-819B-8BF71E94C6E1}.Old Tangra|x64.ActiveCfg = Debug|x86
		{BC9E963B-02A5-436E-819B-8BF71E94C6E1}.Old Tangra|x86.ActiveCfg = Debug|x86
		{BC9E963B-02A5-436E-819B-8BF71E94C6E1}.Production|Any CPU.ActiveCfg = Debug|x86
		{BC9E963B-02A5-436E-819B-8BF71E94C6E1}.Production|Mixed Platforms.ActiveCfg = Debug|x86
		{BC9E963B-02A5-436E-819B-8BF71E94C6E1}.Production|Win32.ActiveCfg = Debug|x86
		{BC9E963B-02A5-436E-819B-8BF71E94C6E1}.Production|x64.ActiveCfg = Debug|x86
		{BC9E963B-02A5-436E-819B-8BF71E94C6E1}.Production|x86.ActiveCfg = Debug|x86
		{BC9E963B-02A5-436E-819B-8BF71E94C6E1}.Release|Any CPU.ActiveCfg = Release|x86
		{BC9E963B-02A5-436E-819B-8BF71E94C6E1}.Release|Mixed Platforms.ActiveCfg = Release|x86
		{BC9E963B-02A5-436E-819B-8BF71E94C6E1}.Release|Mixed Platforms.Build.0 = Release|x86
		{BC9E963B-02A5-436E-819B-8BF71E94C6E1}.Release|Win32.ActiveCfg = Release|x86
		{BC9E963B-02A5-436E-819B-8BF71E94C6E1}.Release|x64.ActiveCfg = Release|x86
		{BC9E963B-02A5-436E-819B-8BF71E94C6E1}.Release|x86.ActiveCfg = Release|x86
		{BC9E963B-02A5-436E-819B-8BF71E94C6E1}.Release|x86.Build.0 = Release|x86
		{BC9E963B-02A5-436E-819B-8BF71E94C6E1}.SingleImage|Any CPU.ActiveCfg = Debug|x86
		{BC9E963B-02A5-436E-819B-8BF71E94C6E1}.SingleImage|Mixed Platforms.ActiveCfg = Release|x86
		{BC9E963B-02A5-436E-819B-8BF71E94C6E1}.SingleImage|Win32.ActiveCfg = Release|x86
		{BC9E963B-02A5-436E-819B-8BF71E94C6E1}.SingleImage|x64.ActiveCfg = Debug|x86
		{BC9E963B-02A5-436E-819B-8BF71E94C6E1}.SingleImage|x86.ActiveCfg = Release|x86
		{BC9E963B-02A5-436E-819B-8BF71E94C6E1}.UnitTests|Any CPU.ActiveCfg = Debug|x86
		{BC9E963B-02A5-436E-819B-8BF71E94C6E1}.UnitTests|Mixed Platforms.ActiveCfg = Debug|x86
		{BC9E963B-02A5-436E-819B-8BF71E94C6E1}.UnitTests|Win32.ActiveCfg = Debug|x86
		{BC9E963B-02A5-436E-819B-8BF71E94C6E1}.UnitTests|x64.ActiveCfg = Debug|x86
		{BC9E963B-02A5-436E-819B-8BF71E94C6E1}.UnitTests|x86.ActiveCfg = Debug|x86
		{C4AD98C2-3E0A-4AB2-B7D1-31A5E13F2BDC}.AutomatedBuild|Any CPU.ActiveCfg = AutomatedBuild|Any CPU
		{C4AD98C2-3E0A-4AB2-B7D1-31A5E13F2BDC}.AutomatedBuild|Any CPU.Build.0 = AutomatedBuild|Any CPU
		{C4AD98C2-3E0A-4AB2-B7D1-31A5E13F2BDC}.AutomatedBuild|Mixed Platforms.ActiveCfg = AutomatedBuild|x86
		{C4AD98C2-3E0A-4AB2-B7D1-31A5E13F2BDC}.AutomatedBuild|Mixed Platforms.Build.0 = AutomatedBuild|x86
		{C4AD98C2-3E0A-4AB2-B7D1-31A5E13F2BDC}.AutomatedBuild|Win32.ActiveCfg = AutomatedBuild|x86
		{C4AD98C2-3E0A-4AB2-B7D1-31A5E13F2BDC}.AutomatedBuild|Win32.Build.0 = AutomatedBuild|x86
		{C4AD98C2-3E0A-4AB2-B7D1-31A5E13F2BDC}.AutomatedBuild|x64.ActiveCfg = AutomatedBuild|Any CPU
		{C4AD98C2-3E0A-4AB2-B7D1-31A5E13F2BDC}.AutomatedBuild|x86.ActiveCfg = AutomatedBuild|x86
		{C4AD98C2-3E0A-4AB2-B7D1-31A5E13F2BDC}.AutomatedBuild|x86.Build.0 = AutomatedBuild|x86
		{C4AD98C2-3E0A-4AB2-B7D1-31A5E13F2BDC}.CD_ROM|Any CPU.ActiveCfg = AutomatedBuild|Any CPU
		{C4AD98C2-3E0A-4AB2-B7D1-31A5E13F2BDC}.CD_ROM|Any CPU.Build.0 = AutomatedBuild|Any CPU
		{C4AD98C2-3E0A-4AB2-B7D1-31A5E13F2BDC}.CD_ROM|Mixed Platforms.ActiveCfg = AutomatedBuild|x86
		{C4AD98C2-3E0A-4AB2-B7D1-31A5E13F2BDC}.CD_ROM|Mixed Platforms.Build.0 = AutomatedBuild|x86
		{C4AD98C2-3E0A-4AB2-B7D1-31A5E13F2BDC}.CD_ROM|Win32.ActiveCfg = AutomatedBuild|x86
		{C4AD98C2-3E0A-4AB2-B7D1-31A5E13F2BDC}.CD_ROM|Win32.Build.0 = AutomatedBuild|x86
		{C4AD98C2-3E0A-4AB2-B7D1-31A5E13F2BDC}.CD_ROM|x64.ActiveCfg = AutomatedBuild|Any CPU
		{C4AD98C2-3E0A-4AB2-B7D1-31A5E13F2BDC}.CD_ROM|x86.ActiveCfg = AutomatedBuild|x86
		{C4AD98C2-3E0A-4AB2-B7D1-31A5E13F2BDC}.CD_ROM|x86.Build.0 = AutomatedBuild|x86
		{C4AD98C2-3E0A-4AB2-B7D1-31A5E13F2BDC}.Debug|Any CPU.ActiveCfg = Debug|Any CPU
		{C4AD98C2-3E0A-4AB2-B7D1-31A5E13F2BDC}.Debug|Any CPU.Build.0 = Debug|Any CPU
		{C4AD98C2-3E0A-4AB2-B7D1-31A5E13F2BDC}.Debug|Mixed Platforms.ActiveCfg = Debug|x86
		{C4AD98C2-3E0A-4AB2-B7D1-31A5E13F2BDC}.Debug|Mixed Platforms.Build.0 = Debug|x86
		{C4AD98C2-3E0A-4AB2-B7D1-31A5E13F2BDC}.Debug|Win32.ActiveCfg = Debug|x86
		{C4AD98C2-3E0A-4AB2-B7D1-31A5E13F2BDC}.Debug|Win32.Build.0 = Debug|x86
		{C4AD98C2-3E0A-4AB2-B7D1-31A5E13F2BDC}.Debug|x64.ActiveCfg = Debug|Any CPU
		{C4AD98C2-3E0A-4AB2-B7D1-31A5E13F2BDC}.Debug|x86.ActiveCfg = Debug|x86
		{C4AD98C2-3E0A-4AB2-B7D1-31A5E13F2BDC}.Debug|x86.Build.0 = Debug|x86
		{C4AD98C2-3E0A-4AB2-B7D1-31A5E13F2BDC}.DVD-5|Any CPU.ActiveCfg = Debug|Any CPU
		{C4AD98C2-3E0A-4AB2-B7D1-31A5E13F2BDC}.DVD-5|Any CPU.Build.0 = Debug|Any CPU
		{C4AD98C2-3E0A-4AB2-B7D1-31A5E13F2BDC}.DVD-5|Mixed Platforms.ActiveCfg = Debug|x86
		{C4AD98C2-3E0A-4AB2-B7D1-31A5E13F2BDC}.DVD-5|Mixed Platforms.Build.0 = Debug|x86
		{C4AD98C2-3E0A-4AB2-B7D1-31A5E13F2BDC}.DVD-5|Win32.ActiveCfg = Debug|x86
		{C4AD98C2-3E0A-4AB2-B7D1-31A5E13F2BDC}.DVD-5|Win32.Build.0 = Debug|x86
		{C4AD98C2-3E0A-4AB2-B7D1-31A5E13F2BDC}.DVD-5|x64.ActiveCfg = Debug|Any CPU
		{C4AD98C2-3E0A-4AB2-B7D1-31A5E13F2BDC}.DVD-5|x86.ActiveCfg = Debug|x86
		{C4AD98C2-3E0A-4AB2-B7D1-31A5E13F2BDC}.DVD-5|x86.Build.0 = Debug|x86
		{C4AD98C2-3E0A-4AB2-B7D1-31A5E13F2BDC}.Old Tangra|Any CPU.ActiveCfg = Old Tangra|Any CPU
		{C4AD98C2-3E0A-4AB2-B7D1-31A5E13F2BDC}.Old Tangra|Any CPU.Build.0 = Old Tangra|Any CPU
		{C4AD98C2-3E0A-4AB2-B7D1-31A5E13F2BDC}.Old Tangra|Mixed Platforms.ActiveCfg = Old Tangra|x86
		{C4AD98C2-3E0A-4AB2-B7D1-31A5E13F2BDC}.Old Tangra|Mixed Platforms.Build.0 = Old Tangra|x86
		{C4AD98C2-3E0A-4AB2-B7D1-31A5E13F2BDC}.Old Tangra|Win32.ActiveCfg = Old Tangra|x86
		{C4AD98C2-3E0A-4AB2-B7D1-31A5E13F2BDC}.Old Tangra|Win32.Build.0 = Old Tangra|x86
		{C4AD98C2-3E0A-4AB2-B7D1-31A5E13F2BDC}.Old Tangra|x64.ActiveCfg = Old Tangra|Any CPU
		{C4AD98C2-3E0A-4AB2-B7D1-31A5E13F2BDC}.Old Tangra|x86.ActiveCfg = Old Tangra|x86
		{C4AD98C2-3E0A-4AB2-B7D1-31A5E13F2BDC}.Old Tangra|x86.Build.0 = Old Tangra|x86
		{C4AD98C2-3E0A-4AB2-B7D1-31A5E13F2BDC}.Production|Any CPU.ActiveCfg = Production|Any CPU
		{C4AD98C2-3E0A-4AB2-B7D1-31A5E13F2BDC}.Production|Any CPU.Build.0 = Production|Any CPU
		{C4AD98C2-3E0A-4AB2-B7D1-31A5E13F2BDC}.Production|Mixed Platforms.ActiveCfg = Production|x86
		{C4AD98C2-3E0A-4AB2-B7D1-31A5E13F2BDC}.Production|Mixed Platforms.Build.0 = Production|x86
		{C4AD98C2-3E0A-4AB2-B7D1-31A5E13F2BDC}.Production|Win32.ActiveCfg = Production|x86
		{C4AD98C2-3E0A-4AB2-B7D1-31A5E13F2BDC}.Production|Win32.Build.0 = Production|x86
		{C4AD98C2-3E0A-4AB2-B7D1-31A5E13F2BDC}.Production|x64.ActiveCfg = Production|Any CPU
		{C4AD98C2-3E0A-4AB2-B7D1-31A5E13F2BDC}.Production|x86.ActiveCfg = Production|x86
		{C4AD98C2-3E0A-4AB2-B7D1-31A5E13F2BDC}.Production|x86.Build.0 = Production|x86
		{C4AD98C2-3E0A-4AB2-B7D1-31A5E13F2BDC}.Release|Any CPU.ActiveCfg = Release|Any CPU
		{C4AD98C2-3E0A-4AB2-B7D1-31A5E13F2BDC}.Release|Any CPU.Build.0 = Release|Any CPU
		{C4AD98C2-3E0A-4AB2-B7D1-31A5E13F2BDC}.Release|Mixed Platforms.ActiveCfg = Release|x86
		{C4AD98C2-3E0A-4AB2-B7D1-31A5E13F2BDC}.Release|Mixed Platforms.Build.0 = Release|x86
		{C4AD98C2-3E0A-4AB2-B7D1-31A5E13F2BDC}.Release|Win32.ActiveCfg = Release|x86
		{C4AD98C2-3E0A-4AB2-B7D1-31A5E13F2BDC}.Release|Win32.Build.0 = Release|x86
		{C4AD98C2-3E0A-4AB2-B7D1-31A5E13F2BDC}.Release|x64.ActiveCfg = Release|Any CPU
		{C4AD98C2-3E0A-4AB2-B7D1-31A5E13F2BDC}.Release|x86.ActiveCfg = Release|x86
		{C4AD98C2-3E0A-4AB2-B7D1-31A5E13F2BDC}.Release|x86.Build.0 = Release|x86
		{C4AD98C2-3E0A-4AB2-B7D1-31A5E13F2BDC}.SingleImage|Any CPU.ActiveCfg = AutomatedBuild|Any CPU
		{C4AD98C2-3E0A-4AB2-B7D1-31A5E13F2BDC}.SingleImage|Any CPU.Build.0 = AutomatedBuild|Any CPU
		{C4AD98C2-3E0A-4AB2-B7D1-31A5E13F2BDC}.SingleImage|Mixed Platforms.ActiveCfg = AutomatedBuild|x86
		{C4AD98C2-3E0A-4AB2-B7D1-31A5E13F2BDC}.SingleImage|Mixed Platforms.Build.0 = AutomatedBuild|x86
		{C4AD98C2-3E0A-4AB2-B7D1-31A5E13F2BDC}.SingleImage|Win32.ActiveCfg = AutomatedBuild|x86
		{C4AD98C2-3E0A-4AB2-B7D1-31A5E13F2BDC}.SingleImage|Win32.Build.0 = AutomatedBuild|x86
		{C4AD98C2-3E0A-4AB2-B7D1-31A5E13F2BDC}.SingleImage|x64.ActiveCfg = AutomatedBuild|Any CPU
		{C4AD98C2-3E0A-4AB2-B7D1-31A5E13F2BDC}.SingleImage|x86.ActiveCfg = AutomatedBuild|x86
		{C4AD98C2-3E0A-4AB2-B7D1-31A5E13F2BDC}.SingleImage|x86.Build.0 = AutomatedBuild|x86
		{C4AD98C2-3E0A-4AB2-B7D1-31A5E13F2BDC}.UnitTests|Any CPU.ActiveCfg = UnitTests|Any CPU
		{C4AD98C2-3E0A-4AB2-B7D1-31A5E13F2BDC}.UnitTests|Any CPU.Build.0 = UnitTests|Any CPU
		{C4AD98C2-3E0A-4AB2-B7D1-31A5E13F2BDC}.UnitTests|Mixed Platforms.ActiveCfg = UnitTests|x86
		{C4AD98C2-3E0A-4AB2-B7D1-31A5E13F2BDC}.UnitTests|Mixed Platforms.Build.0 = UnitTests|x86
		{C4AD98C2-3E0A-4AB2-B7D1-31A5E13F2BDC}.UnitTests|Win32.ActiveCfg = UnitTests|x86
		{C4AD98C2-3E0A-4AB2-B7D1-31A5E13F2BDC}.UnitTests|Win32.Build.0 = UnitTests|x86
		{C4AD98C2-3E0A-4AB2-B7D1-31A5E13F2BDC}.UnitTests|x64.ActiveCfg = UnitTests|Any CPU
		{C4AD98C2-3E0A-4AB2-B7D1-31A5E13F2BDC}.UnitTests|x86.ActiveCfg = UnitTests|x86
		{C4AD98C2-3E0A-4AB2-B7D1-31A5E13F2BDC}.UnitTests|x86.Build.0 = UnitTests|x86
		{16959003-A7F6-424A-BB62-7E6914240F9B}.AutomatedBuild|Any CPU.ActiveCfg = AutomatedBuild|Any CPU
		{16959003-A7F6-424A-BB62-7E6914240F9B}.AutomatedBuild|Any CPU.Build.0 = AutomatedBuild|Any CPU
		{16959003-A7F6-424A-BB62-7E6914240F9B}.AutomatedBuild|Mixed Platforms.ActiveCfg = AutomatedBuild|x86
		{16959003-A7F6-424A-BB62-7E6914240F9B}.AutomatedBuild|Mixed Platforms.Build.0 = AutomatedBuild|x86
		{16959003-A7F6-424A-BB62-7E6914240F9B}.AutomatedBuild|Win32.ActiveCfg = AutomatedBuild|x86
		{16959003-A7F6-424A-BB62-7E6914240F9B}.AutomatedBuild|Win32.Build.0 = AutomatedBuild|x86
		{16959003-A7F6-424A-BB62-7E6914240F9B}.AutomatedBuild|x64.ActiveCfg = AutomatedBuild|x64
		{16959003-A7F6-424A-BB62-7E6914240F9B}.AutomatedBuild|x64.Build.0 = AutomatedBuild|x64
		{16959003-A7F6-424A-BB62-7E6914240F9B}.AutomatedBuild|x86.ActiveCfg = AutomatedBuild|x86
		{16959003-A7F6-424A-BB62-7E6914240F9B}.AutomatedBuild|x86.Build.0 = AutomatedBuild|x86
		{16959003-A7F6-424A-BB62-7E6914240F9B}.CD_ROM|Any CPU.ActiveCfg = AutomatedBuild|Any CPU
		{16959003-A7F6-424A-BB62-7E6914240F9B}.CD_ROM|Any CPU.Build.0 = AutomatedBuild|Any CPU
		{16959003-A7F6-424A-BB62-7E6914240F9B}.CD_ROM|Mixed Platforms.ActiveCfg = AutomatedBuild|x86
		{16959003-A7F6-424A-BB62-7E6914240F9B}.CD_ROM|Mixed Platforms.Build.0 = AutomatedBuild|x86
		{16959003-A7F6-424A-BB62-7E6914240F9B}.CD_ROM|Win32.ActiveCfg = AutomatedBuild|x86
		{16959003-A7F6-424A-BB62-7E6914240F9B}.CD_ROM|Win32.Build.0 = AutomatedBuild|x86
		{16959003-A7F6-424A-BB62-7E6914240F9B}.CD_ROM|x64.ActiveCfg = AutomatedBuild|x64
		{16959003-A7F6-424A-BB62-7E6914240F9B}.CD_ROM|x64.Build.0 = AutomatedBuild|x64
		{16959003-A7F6-424A-BB62-7E6914240F9B}.CD_ROM|x86.ActiveCfg = AutomatedBuild|x86
		{16959003-A7F6-424A-BB62-7E6914240F9B}.CD_ROM|x86.Build.0 = AutomatedBuild|x86
		{16959003-A7F6-424A-BB62-7E6914240F9B}.Debug|Any CPU.ActiveCfg = Debug|Any CPU
		{16959003-A7F6-424A-BB62-7E6914240F9B}.Debug|Any CPU.Build.0 = Debug|Any CPU
		{16959003-A7F6-424A-BB62-7E6914240F9B}.Debug|Mixed Platforms.ActiveCfg = Debug|x86
		{16959003-A7F6-424A-BB62-7E6914240F9B}.Debug|Mixed Platforms.Build.0 = Debug|x86
		{16959003-A7F6-424A-BB62-7E6914240F9B}.Debug|Win32.ActiveCfg = Debug|x86
		{16959003-A7F6-424A-BB62-7E6914240F9B}.Debug|Win32.Build.0 = Debug|x86
		{16959003-A7F6-424A-BB62-7E6914240F9B}.Debug|x64.ActiveCfg = Debug|x64
		{16959003-A7F6-424A-BB62-7E6914240F9B}.Debug|x64.Build.0 = Debug|x64
		{16959003-A7F6-424A-BB62-7E6914240F9B}.Debug|x86.ActiveCfg = Debug|x86
		{16959003-A7F6-424A-BB62-7E6914240F9B}.Debug|x86.Build.0 = Debug|x86
		{16959003-A7F6-424A-BB62-7E6914240F9B}.DVD-5|Any CPU.ActiveCfg = Debug|Any CPU
		{16959003-A7F6-424A-BB62-7E6914240F9B}.DVD-5|Any CPU.Build.0 = Debug|Any CPU
		{16959003-A7F6-424A-BB62-7E6914240F9B}.DVD-5|Mixed Platforms.ActiveCfg = Debug|x86
		{16959003-A7F6-424A-BB62-7E6914240F9B}.DVD-5|Mixed Platforms.Build.0 = Debug|x86
		{16959003-A7F6-424A-BB62-7E6914240F9B}.DVD-5|Win32.ActiveCfg = Debug|x86
		{16959003-A7F6-424A-BB62-7E6914240F9B}.DVD-5|Win32.Build.0 = Debug|x86
		{16959003-A7F6-424A-BB62-7E6914240F9B}.DVD-5|x64.ActiveCfg = Debug|x64
		{16959003-A7F6-424A-BB62-7E6914240F9B}.DVD-5|x64.Build.0 = Debug|x64
		{16959003-A7F6-424A-BB62-7E6914240F9B}.DVD-5|x86.ActiveCfg = Debug|x86
		{16959003-A7F6-424A-BB62-7E6914240F9B}.DVD-5|x86.Build.0 = Debug|x86
		{16959003-A7F6-424A-BB62-7E6914240F9B}.Old Tangra|Any CPU.ActiveCfg = Old Tangra|Any CPU
		{16959003-A7F6-424A-BB62-7E6914240F9B}.Old Tangra|Any CPU.Build.0 = Old Tangra|Any CPU
		{16959003-A7F6-424A-BB62-7E6914240F9B}.Old Tangra|Mixed Platforms.ActiveCfg = Old Tangra|x86
		{16959003-A7F6-424A-BB62-7E6914240F9B}.Old Tangra|Mixed Platforms.Build.0 = Old Tangra|x86
		{16959003-A7F6-424A-BB62-7E6914240F9B}.Old Tangra|Win32.ActiveCfg = Old Tangra|x86
		{16959003-A7F6-424A-BB62-7E6914240F9B}.Old Tangra|Win32.Build.0 = Old Tangra|x86
		{16959003-A7F6-424A-BB62-7E6914240F9B}.Old Tangra|x64.ActiveCfg = Old Tangra|x64
		{16959003-A7F6-424A-BB62-7E6914240F9B}.Old Tangra|x64.Build.0 = Old Tangra|x64
		{16959003-A7F6-424A-BB62-7E6914240F9B}.Old Tangra|x86.ActiveCfg = Old Tangra|x86
		{16959003-A7F6-424A-BB62-7E6914240F9B}.Old Tangra|x86.Build.0 = Old Tangra|x86
		{16959003-A7F6-424A-BB62-7E6914240F9B}.Production|Any CPU.ActiveCfg = Production|Any CPU
		{16959003-A7F6-424A-BB62-7E6914240F9B}.Production|Any CPU.Build.0 = Production|Any CPU
		{16959003-A7F6-424A-BB62-7E6914240F9B}.Production|Mixed Platforms.ActiveCfg = Production|x86
		{16959003-A7F6-424A-BB62-7E6914240F9B}.Production|Mixed Platforms.Build.0 = Production|x86
		{16959003-A7F6-424A-BB62-7E6914240F9B}.Production|Win32.ActiveCfg = Production|x86
		{16959003-A7F6-424A-BB62-7E6914240F9B}.Production|Win32.Build.0 = Production|x86
		{16959003-A7F6-424A-BB62-7E6914240F9B}.Production|x64.ActiveCfg = Production|x64
		{16959003-A7F6-424A-BB62-7E6914240F9B}.Production|x64.Build.0 = Production|x64
		{16959003-A7F6-424A-BB62-7E6914240F9B}.Production|x86.ActiveCfg = Production|x86
		{16959003-A7F6-424A-BB62-7E6914240F9B}.Production|x86.Build.0 = Production|x86
		{16959003-A7F6-424A-BB62-7E6914240F9B}.Release|Any CPU.ActiveCfg = Release|Any CPU
		{16959003-A7F6-424A-BB62-7E6914240F9B}.Release|Any CPU.Build.0 = Release|Any CPU
		{16959003-A7F6-424A-BB62-7E6914240F9B}.Release|Mixed Platforms.ActiveCfg = Release|x86
		{16959003-A7F6-424A-BB62-7E6914240F9B}.Release|Mixed Platforms.Build.0 = Release|x86
		{16959003-A7F6-424A-BB62-7E6914240F9B}.Release|Win32.ActiveCfg = Release|x86
		{16959003-A7F6-424A-BB62-7E6914240F9B}.Release|Win32.Build.0 = Release|x86
		{16959003-A7F6-424A-BB62-7E6914240F9B}.Release|x64.ActiveCfg = Release|x64
		{16959003-A7F6-424A-BB62-7E6914240F9B}.Release|x64.Build.0 = Release|x64
		{16959003-A7F6-424A-BB62-7E6914240F9B}.Release|x86.ActiveCfg = Release|x86
		{16959003-A7F6-424A-BB62-7E6914240F9B}.Release|x86.Build.0 = Release|x86
		{16959003-A7F6-424A-BB62-7E6914240F9B}.SingleImage|Any CPU.ActiveCfg = AutomatedBuild|Any CPU
		{16959003-A7F6-424A-BB62-7E6914240F9B}.SingleImage|Any CPU.Build.0 = AutomatedBuild|Any CPU
		{16959003-A7F6-424A-BB62-7E6914240F9B}.SingleImage|Mixed Platforms.ActiveCfg = AutomatedBuild|x86
		{16959003-A7F6-424A-BB62-7E6914240F9B}.SingleImage|Mixed Platforms.Build.0 = AutomatedBuild|x86
		{16959003-A7F6-424A-BB62-7E6914240F9B}.SingleImage|Win32.ActiveCfg = AutomatedBuild|x86
		{16959003-A7F6-424A-BB62-7E6914240F9B}.SingleImage|Win32.Build.0 = AutomatedBuild|x86
		{16959003-A7F6-424A-BB62-7E6914240F9B}.SingleImage|x64.ActiveCfg = AutomatedBuild|x64
		{16959003-A7F6-424A-BB62-7E6914240F9B}.SingleImage|x64.Build.0 = AutomatedBuild|x64
		{16959003-A7F6-424A-BB62-7E6914240F9B}.SingleImage|x86.ActiveCfg = AutomatedBuild|x86
		{16959003-A7F6-424A-BB62-7E6914240F9B}.SingleImage|x86.Build.0 = AutomatedBuild|x86
		{16959003-A7F6-424A-BB62-7E6914240F9B}.UnitTests|Any CPU.ActiveCfg = UnitTests|Any CPU
		{16959003-A7F6-424A-BB62-7E6914240F9B}.UnitTests|Any CPU.Build.0 = UnitTests|Any CPU
		{16959003-A7F6-424A-BB62-7E6914240F9B}.UnitTests|Mixed Platforms.ActiveCfg = UnitTests|x86
		{16959003-A7F6-424A-BB62-7E6914240F9B}.UnitTests|Mixed Platforms.Build.0 = UnitTests|x86
		{16959003-A7F6-424A-BB62-7E6914240F9B}.UnitTests|Win32.ActiveCfg = UnitTests|x86
		{16959003-A7F6-424A-BB62-7E6914240F9B}.UnitTests|Win32.Build.0 = UnitTests|x86
		{16959003-A7F6-424A-BB62-7E6914240F9B}.UnitTests|x64.ActiveCfg = UnitTests|x64
		{16959003-A7F6-424A-BB62-7E6914240F9B}.UnitTests|x64.Build.0 = UnitTests|x64
		{16959003-A7F6-424A-BB62-7E6914240F9B}.UnitTests|x86.ActiveCfg = UnitTests|x86
		{16959003-A7F6-424A-BB62-7E6914240F9B}.UnitTests|x86.Build.0 = UnitTests|x86
	EndGlobalSection
	GlobalSection(SolutionProperties) = preSolution
		HideSolutionNode = FALSE
	EndGlobalSection
	GlobalSection(Performance) = preSolution
		HasPerformanceSessions = true
	EndGlobalSection
EndGlobal
