
Microsoft Visual Studio Solution File, Format Version 12.00
# Visual Studio 2012
Project("{FAE04EC0-301F-11D3-BF4B-00C04F79EFBC}") = "AAVRec", "AAVRec\AAVRec.csproj", "{B501E13A-44D3-4B3C-9B65-3A326FE49767}"
EndProject
Project("{8BC9CEB8-8B4A-11D0-8D11-00A0C91BC942}") = "AAVRec.Core", "AAVRec.Core\AAVRec.Core.vcxproj", "{52C2C4DC-8205-4C0B-A330-A6D20809B9FF}"
EndProject
Project("{FAE04EC0-301F-11D3-BF4B-00C04F79EFBC}") = "SignatureTester", "..\AAVSignatureTester\SignatureTester.csproj", "{BC9E963B-02A5-436E-819B-8BF71E94C6E1}"
EndProject
Global
	GlobalSection(SolutionConfigurationPlatforms) = preSolution
		CD_ROM|Mixed Platforms = CD_ROM|Mixed Platforms
		CD_ROM|Win32 = CD_ROM|Win32
		CD_ROM|x86 = CD_ROM|x86
		Debug|Mixed Platforms = Debug|Mixed Platforms
		Debug|Win32 = Debug|Win32
		Debug|x86 = Debug|x86
		DVD-5|Mixed Platforms = DVD-5|Mixed Platforms
		DVD-5|Win32 = DVD-5|Win32
		DVD-5|x86 = DVD-5|x86
		Release|Mixed Platforms = Release|Mixed Platforms
		Release|Win32 = Release|Win32
		Release|x86 = Release|x86
		SingleImage|Mixed Platforms = SingleImage|Mixed Platforms
		SingleImage|Win32 = SingleImage|Win32
		SingleImage|x86 = SingleImage|x86
	EndGlobalSection
	GlobalSection(ProjectConfigurationPlatforms) = postSolution
		{B501E13A-44D3-4B3C-9B65-3A326FE49767}.CD_ROM|Mixed Platforms.ActiveCfg = Release|x86
		{B501E13A-44D3-4B3C-9B65-3A326FE49767}.CD_ROM|Mixed Platforms.Build.0 = Release|x86
		{B501E13A-44D3-4B3C-9B65-3A326FE49767}.CD_ROM|Win32.ActiveCfg = Release|x86
		{B501E13A-44D3-4B3C-9B65-3A326FE49767}.CD_ROM|Win32.Build.0 = Release|x86
		{B501E13A-44D3-4B3C-9B65-3A326FE49767}.CD_ROM|x86.ActiveCfg = Release|x86
		{B501E13A-44D3-4B3C-9B65-3A326FE49767}.CD_ROM|x86.Build.0 = Release|x86
		{B501E13A-44D3-4B3C-9B65-3A326FE49767}.Debug|Mixed Platforms.ActiveCfg = Debug|x86
		{B501E13A-44D3-4B3C-9B65-3A326FE49767}.Debug|Mixed Platforms.Build.0 = Debug|x86
		{B501E13A-44D3-4B3C-9B65-3A326FE49767}.Debug|Win32.ActiveCfg = Debug|x86
		{B501E13A-44D3-4B3C-9B65-3A326FE49767}.Debug|x86.ActiveCfg = Debug|x86
		{B501E13A-44D3-4B3C-9B65-3A326FE49767}.Debug|x86.Build.0 = Debug|x86
		{B501E13A-44D3-4B3C-9B65-3A326FE49767}.DVD-5|Mixed Platforms.ActiveCfg = Debug|x86
		{B501E13A-44D3-4B3C-9B65-3A326FE49767}.DVD-5|Mixed Platforms.Build.0 = Debug|x86
		{B501E13A-44D3-4B3C-9B65-3A326FE49767}.DVD-5|Win32.ActiveCfg = Debug|x86
		{B501E13A-44D3-4B3C-9B65-3A326FE49767}.DVD-5|Win32.Build.0 = Debug|x86
		{B501E13A-44D3-4B3C-9B65-3A326FE49767}.DVD-5|x86.ActiveCfg = Debug|x86
		{B501E13A-44D3-4B3C-9B65-3A326FE49767}.DVD-5|x86.Build.0 = Debug|x86
		{B501E13A-44D3-4B3C-9B65-3A326FE49767}.Release|Mixed Platforms.ActiveCfg = Release|x86
		{B501E13A-44D3-4B3C-9B65-3A326FE49767}.Release|Mixed Platforms.Build.0 = Release|x86
		{B501E13A-44D3-4B3C-9B65-3A326FE49767}.Release|Win32.ActiveCfg = Release|x86
		{B501E13A-44D3-4B3C-9B65-3A326FE49767}.Release|x86.ActiveCfg = Release|x86
		{B501E13A-44D3-4B3C-9B65-3A326FE49767}.Release|x86.Build.0 = Release|x86
		{B501E13A-44D3-4B3C-9B65-3A326FE49767}.SingleImage|Mixed Platforms.ActiveCfg = Release|x86
		{B501E13A-44D3-4B3C-9B65-3A326FE49767}.SingleImage|Mixed Platforms.Build.0 = Release|x86
		{B501E13A-44D3-4B3C-9B65-3A326FE49767}.SingleImage|Win32.ActiveCfg = Release|x86
		{B501E13A-44D3-4B3C-9B65-3A326FE49767}.SingleImage|Win32.Build.0 = Release|x86
		{B501E13A-44D3-4B3C-9B65-3A326FE49767}.SingleImage|x86.ActiveCfg = Release|x86
		{B501E13A-44D3-4B3C-9B65-3A326FE49767}.SingleImage|x86.Build.0 = Release|x86
		{52C2C4DC-8205-4C0B-A330-A6D20809B9FF}.CD_ROM|Mixed Platforms.ActiveCfg = Release|Win32
		{52C2C4DC-8205-4C0B-A330-A6D20809B9FF}.CD_ROM|Mixed Platforms.Build.0 = Release|Win32
		{52C2C4DC-8205-4C0B-A330-A6D20809B9FF}.CD_ROM|Win32.ActiveCfg = Release|Win32
		{52C2C4DC-8205-4C0B-A330-A6D20809B9FF}.CD_ROM|Win32.Build.0 = Release|Win32
		{52C2C4DC-8205-4C0B-A330-A6D20809B9FF}.CD_ROM|x86.ActiveCfg = Release|Win32
		{52C2C4DC-8205-4C0B-A330-A6D20809B9FF}.CD_ROM|x86.Build.0 = Release|Win32
		{52C2C4DC-8205-4C0B-A330-A6D20809B9FF}.Debug|Mixed Platforms.ActiveCfg = Debug|Win32
		{52C2C4DC-8205-4C0B-A330-A6D20809B9FF}.Debug|Mixed Platforms.Build.0 = Debug|Win32
		{52C2C4DC-8205-4C0B-A330-A6D20809B9FF}.Debug|Win32.ActiveCfg = Debug|Win32
		{52C2C4DC-8205-4C0B-A330-A6D20809B9FF}.Debug|Win32.Build.0 = Debug|Win32
		{52C2C4DC-8205-4C0B-A330-A6D20809B9FF}.Debug|x86.ActiveCfg = Debug|Win32
		{52C2C4DC-8205-4C0B-A330-A6D20809B9FF}.DVD-5|Mixed Platforms.ActiveCfg = Debug|Win32
		{52C2C4DC-8205-4C0B-A330-A6D20809B9FF}.DVD-5|Mixed Platforms.Build.0 = Debug|Win32
		{52C2C4DC-8205-4C0B-A330-A6D20809B9FF}.DVD-5|Win32.ActiveCfg = Debug|Win32
		{52C2C4DC-8205-4C0B-A330-A6D20809B9FF}.DVD-5|Win32.Build.0 = Debug|Win32
		{52C2C4DC-8205-4C0B-A330-A6D20809B9FF}.DVD-5|x86.ActiveCfg = Debug|Win32
		{52C2C4DC-8205-4C0B-A330-A6D20809B9FF}.DVD-5|x86.Build.0 = Debug|Win32
		{52C2C4DC-8205-4C0B-A330-A6D20809B9FF}.Release|Mixed Platforms.ActiveCfg = Release|Win32
		{52C2C4DC-8205-4C0B-A330-A6D20809B9FF}.Release|Mixed Platforms.Build.0 = Release|Win32
		{52C2C4DC-8205-4C0B-A330-A6D20809B9FF}.Release|Win32.ActiveCfg = Release|Win32
		{52C2C4DC-8205-4C0B-A330-A6D20809B9FF}.Release|Win32.Build.0 = Release|Win32
		{52C2C4DC-8205-4C0B-A330-A6D20809B9FF}.Release|x86.ActiveCfg = Release|Win32
		{52C2C4DC-8205-4C0B-A330-A6D20809B9FF}.SingleImage|Mixed Platforms.ActiveCfg = Release|Win32
		{52C2C4DC-8205-4C0B-A330-A6D20809B9FF}.SingleImage|Mixed Platforms.Build.0 = Release|Win32
		{52C2C4DC-8205-4C0B-A330-A6D20809B9FF}.SingleImage|Win32.ActiveCfg = Release|Win32
		{52C2C4DC-8205-4C0B-A330-A6D20809B9FF}.SingleImage|Win32.Build.0 = Release|Win32
		{52C2C4DC-8205-4C0B-A330-A6D20809B9FF}.SingleImage|x86.ActiveCfg = Release|Win32
		{52C2C4DC-8205-4C0B-A330-A6D20809B9FF}.SingleImage|x86.Build.0 = Release|Win32
		{BC9E963B-02A5-436E-819B-8BF71E94C6E1}.CD_ROM|Mixed Platforms.ActiveCfg = Release|x86
		{BC9E963B-02A5-436E-819B-8BF71E94C6E1}.CD_ROM|Win32.ActiveCfg = Release|x86
		{BC9E963B-02A5-436E-819B-8BF71E94C6E1}.CD_ROM|x86.ActiveCfg = Release|x86
		{BC9E963B-02A5-436E-819B-8BF71E94C6E1}.Debug|Mixed Platforms.ActiveCfg = Debug|x86
		{BC9E963B-02A5-436E-819B-8BF71E94C6E1}.Debug|Mixed Platforms.Build.0 = Debug|x86
		{BC9E963B-02A5-436E-819B-8BF71E94C6E1}.Debug|Win32.ActiveCfg = Debug|x86
		{BC9E963B-02A5-436E-819B-8BF71E94C6E1}.Debug|x86.ActiveCfg = Debug|x86
		{BC9E963B-02A5-436E-819B-8BF71E94C6E1}.Debug|x86.Build.0 = Debug|x86
		{BC9E963B-02A5-436E-819B-8BF71E94C6E1}.DVD-5|Mixed Platforms.ActiveCfg = Debug|x86
		{BC9E963B-02A5-436E-819B-8BF71E94C6E1}.DVD-5|Win32.ActiveCfg = Debug|x86
		{BC9E963B-02A5-436E-819B-8BF71E94C6E1}.DVD-5|x86.ActiveCfg = Debug|x86
		{BC9E963B-02A5-436E-819B-8BF71E94C6E1}.Release|Mixed Platforms.ActiveCfg = Release|x86
		{BC9E963B-02A5-436E-819B-8BF71E94C6E1}.Release|Mixed Platforms.Build.0 = Release|x86
		{BC9E963B-02A5-436E-819B-8BF71E94C6E1}.Release|Win32.ActiveCfg = Release|x86
		{BC9E963B-02A5-436E-819B-8BF71E94C6E1}.Release|x86.ActiveCfg = Release|x86
		{BC9E963B-02A5-436E-819B-8BF71E94C6E1}.Release|x86.Build.0 = Release|x86
		{BC9E963B-02A5-436E-819B-8BF71E94C6E1}.SingleImage|Mixed Platforms.ActiveCfg = Release|x86
		{BC9E963B-02A5-436E-819B-8BF71E94C6E1}.SingleImage|Win32.ActiveCfg = Release|x86
		{BC9E963B-02A5-436E-819B-8BF71E94C6E1}.SingleImage|x86.ActiveCfg = Release|x86
	EndGlobalSection
	GlobalSection(SolutionProperties) = preSolution
		HideSolutionNode = FALSE
	EndGlobalSection
	GlobalSection(Performance) = preSolution
		HasPerformanceSessions = true
	EndGlobalSection
EndGlobal
