
Microsoft Visual Studio Solution File, Format Version 12.00
# Visual Studio 2012
Project("{FAE04EC0-301F-11D3-BF4B-00C04F79EFBC}") = "OccuRec", "OccuRec\OccuRec.csproj", "{B501E13A-44D3-4B3C-9B65-3A326FE49767}"
	ProjectSection(ProjectDependencies) = postProject
		{7BAEB5CE-8F42-478D-9D0B-FD26C287D1B8} = {7BAEB5CE-8F42-478D-9D0B-FD26C287D1B8}
		{52C2C4DC-8205-4C0B-A330-A6D20809B9FF} = {52C2C4DC-8205-4C0B-A330-A6D20809B9FF}
	EndProjectSection
EndProject
Project("{FAE04EC0-301F-11D3-BF4B-00C04F79EFBC}") = "OccuRecUpdate", "OccuRecUpdate\OccuRecUpdate.csproj", "{C4AD98C2-3E0A-4AB2-B7D1-31A5E13F2BDC}"
EndProject
Project("{FAE04EC0-301F-11D3-BF4B-00C04F79EFBC}") = "OccuRecSelfUpdate", "OccuRecUpdate\OccuRecSelfUpdate\OccuRecSelfUpdate.csproj", "{16959003-A7F6-424A-BB62-7E6914240F9B}"
EndProject
Project("{8BC9CEB8-8B4A-11D0-8D11-00A0C91BC942}") = "OccuRec.Core", "OccuRec.Core\OccuRec.Core.vcxproj", "{52C2C4DC-8205-4C0B-A330-A6D20809B9FF}"
EndProject
Project("{FAE04EC0-301F-11D3-BF4B-00C04F79EFBC}") = "OccuRec.ASCOM.Wrapper", "OccRec.ASCOMWrapper\OccuRec.ASCOM.Wrapper.csproj", "{49BB0397-5B5C-4A9C-B35F-E50EDB22C919}"
EndProject
Project("{FAE04EC0-301F-11D3-BF4B-00C04F79EFBC}") = "ASCOMWrapper.Tester", "ASCOMWrapper.Tester\ASCOMWrapper.Tester.csproj", "{20DDFF08-2F85-43A3-939B-DC51DAFD1FC9}"
EndProject
Project("{FAE04EC0-301F-11D3-BF4B-00C04F79EFBC}") = "OccuRec.ASCOM.Server", "OccuRec.ASCOM.Server\OccuRec.ASCOM.Server.csproj", "{7BAEB5CE-8F42-478D-9D0B-FD26C287D1B8}"
EndProject
Project("{FAE04EC0-301F-11D3-BF4B-00C04F79EFBC}") = "OccuRec.ASCOM.Interfaces", "OccuRec.ASCOM.Interfaces\OccuRec.ASCOM.Interfaces.csproj", "{0376DB73-DE7B-4B26-941E-E5763C0DC1B2}"
EndProject
Project("{FAE04EC0-301F-11D3-BF4B-00C04F79EFBC}") = "OccuRec.Utilities", "OccuRec.Utilities\OccuRec.Utilities.csproj", "{BD4C4C04-D0C5-46AA-B0DF-9FA2C1ECE01A}"
EndProject
Project("{FAE04EC0-301F-11D3-BF4B-00C04F79EFBC}") = "WAT910BD.Tester", "WAT910BD.Tester\WAT910BD.Tester.csproj", "{82DB8B7E-733C-4376-BF38-E1CA1BDF1A9B}"
EndProject
Project("{FAE04EC0-301F-11D3-BF4B-00C04F79EFBC}") = "WindowsClock.Tester", "WindowsClock.Tester\WindowsClock.Tester.csproj", "{34FF755A-286F-4A90-AC78-BDD2D5F573C6}"
EndProject
Global
	GlobalSection(SolutionConfigurationPlatforms) = preSolution
		AutomatedBuild|Any CPU = AutomatedBuild|Any CPU
		AutomatedBuild|Mixed Platforms = AutomatedBuild|Mixed Platforms
		AutomatedBuild|Win32 = AutomatedBuild|Win32
		AutomatedBuild|x64 = AutomatedBuild|x64
		AutomatedBuild|x86 = AutomatedBuild|x86
		CD_ROM|Any CPU = CD_ROM|Any CPU
		CD_ROM|Mixed Platforms = CD_ROM|Mixed Platforms
		CD_ROM|Win32 = CD_ROM|Win32
		CD_ROM|x64 = CD_ROM|x64
		CD_ROM|x86 = CD_ROM|x86
		Debug|Any CPU = Debug|Any CPU
		Debug|Mixed Platforms = Debug|Mixed Platforms
		Debug|Win32 = Debug|Win32
		Debug|x64 = Debug|x64
		Debug|x86 = Debug|x86
		DVD-5|Any CPU = DVD-5|Any CPU
		DVD-5|Mixed Platforms = DVD-5|Mixed Platforms
		DVD-5|Win32 = DVD-5|Win32
		DVD-5|x64 = DVD-5|x64
		DVD-5|x86 = DVD-5|x86
		Old Tangra|Any CPU = Old Tangra|Any CPU
		Old Tangra|Mixed Platforms = Old Tangra|Mixed Platforms
		Old Tangra|Win32 = Old Tangra|Win32
		Old Tangra|x64 = Old Tangra|x64
		Old Tangra|x86 = Old Tangra|x86
		Production|Any CPU = Production|Any CPU
		Production|Mixed Platforms = Production|Mixed Platforms
		Production|Win32 = Production|Win32
		Production|x64 = Production|x64
		Production|x86 = Production|x86
		Release|Any CPU = Release|Any CPU
		Release|Mixed Platforms = Release|Mixed Platforms
		Release|Win32 = Release|Win32
		Release|x64 = Release|x64
		Release|x86 = Release|x86
		SingleImage|Any CPU = SingleImage|Any CPU
		SingleImage|Mixed Platforms = SingleImage|Mixed Platforms
		SingleImage|Win32 = SingleImage|Win32
		SingleImage|x64 = SingleImage|x64
		SingleImage|x86 = SingleImage|x86
		UnitTests|Any CPU = UnitTests|Any CPU
		UnitTests|Mixed Platforms = UnitTests|Mixed Platforms
		UnitTests|Win32 = UnitTests|Win32
		UnitTests|x64 = UnitTests|x64
		UnitTests|x86 = UnitTests|x86
	EndGlobalSection
	GlobalSection(ProjectConfigurationPlatforms) = postSolution
		{B501E13A-44D3-4B3C-9B65-3A326FE49767}.AutomatedBuild|Any CPU.ActiveCfg = Debug|x86
		{B501E13A-44D3-4B3C-9B65-3A326FE49767}.AutomatedBuild|Mixed Platforms.ActiveCfg = Debug|x86
		{B501E13A-44D3-4B3C-9B65-3A326FE49767}.AutomatedBuild|Mixed Platforms.Build.0 = Debug|x86
		{B501E13A-44D3-4B3C-9B65-3A326FE49767}.AutomatedBuild|Win32.ActiveCfg = Debug|x86
		{B501E13A-44D3-4B3C-9B65-3A326FE49767}.AutomatedBuild|Win32.Build.0 = Debug|x86
		{B501E13A-44D3-4B3C-9B65-3A326FE49767}.AutomatedBuild|x64.ActiveCfg = Debug|x86
		{B501E13A-44D3-4B3C-9B65-3A326FE49767}.AutomatedBuild|x86.ActiveCfg = Debug|x86
		{B501E13A-44D3-4B3C-9B65-3A326FE49767}.AutomatedBuild|x86.Build.0 = Debug|x86
		{B501E13A-44D3-4B3C-9B65-3A326FE49767}.CD_ROM|Any CPU.ActiveCfg = Debug|x86
		{B501E13A-44D3-4B3C-9B65-3A326FE49767}.CD_ROM|Mixed Platforms.ActiveCfg = Release|x86
		{B501E13A-44D3-4B3C-9B65-3A326FE49767}.CD_ROM|Mixed Platforms.Build.0 = Release|x86
		{B501E13A-44D3-4B3C-9B65-3A326FE49767}.CD_ROM|Win32.ActiveCfg = Release|x86
		{B501E13A-44D3-4B3C-9B65-3A326FE49767}.CD_ROM|Win32.Build.0 = Release|x86
		{B501E13A-44D3-4B3C-9B65-3A326FE49767}.CD_ROM|x64.ActiveCfg = Debug|x86
		{B501E13A-44D3-4B3C-9B65-3A326FE49767}.CD_ROM|x86.ActiveCfg = Release|x86
		{B501E13A-44D3-4B3C-9B65-3A326FE49767}.CD_ROM|x86.Build.0 = Release|x86
		{B501E13A-44D3-4B3C-9B65-3A326FE49767}.Debug|Any CPU.ActiveCfg = Debug|x86
		{B501E13A-44D3-4B3C-9B65-3A326FE49767}.Debug|Mixed Platforms.ActiveCfg = Debug|x86
		{B501E13A-44D3-4B3C-9B65-3A326FE49767}.Debug|Mixed Platforms.Build.0 = Debug|x86
		{B501E13A-44D3-4B3C-9B65-3A326FE49767}.Debug|Win32.ActiveCfg = Debug|x86
		{B501E13A-44D3-4B3C-9B65-3A326FE49767}.Debug|x64.ActiveCfg = Debug|x86
		{B501E13A-44D3-4B3C-9B65-3A326FE49767}.Debug|x86.ActiveCfg = Debug|x86
		{B501E13A-44D3-4B3C-9B65-3A326FE49767}.Debug|x86.Build.0 = Debug|x86
		{B501E13A-44D3-4B3C-9B65-3A326FE49767}.DVD-5|Any CPU.ActiveCfg = Debug|x86
		{B501E13A-44D3-4B3C-9B65-3A326FE49767}.DVD-5|Mixed Platforms.ActiveCfg = Debug|x86
		{B501E13A-44D3-4B3C-9B65-3A326FE49767}.DVD-5|Mixed Platforms.Build.0 = Debug|x86
		{B501E13A-44D3-4B3C-9B65-3A326FE49767}.DVD-5|Win32.ActiveCfg = Debug|x86
		{B501E13A-44D3-4B3C-9B65-3A326FE49767}.DVD-5|Win32.Build.0 = Debug|x86
		{B501E13A-44D3-4B3C-9B65-3A326FE49767}.DVD-5|x64.ActiveCfg = Debug|x86
		{B501E13A-44D3-4B3C-9B65-3A326FE49767}.DVD-5|x86.ActiveCfg = Debug|x86
		{B501E13A-44D3-4B3C-9B65-3A326FE49767}.DVD-5|x86.Build.0 = Debug|x86
		{B501E13A-44D3-4B3C-9B65-3A326FE49767}.Old Tangra|Any CPU.ActiveCfg = Debug|x86
		{B501E13A-44D3-4B3C-9B65-3A326FE49767}.Old Tangra|Mixed Platforms.ActiveCfg = Debug|x86
		{B501E13A-44D3-4B3C-9B65-3A326FE49767}.Old Tangra|Mixed Platforms.Build.0 = Debug|x86
		{B501E13A-44D3-4B3C-9B65-3A326FE49767}.Old Tangra|Win32.ActiveCfg = Debug|x86
		{B501E13A-44D3-4B3C-9B65-3A326FE49767}.Old Tangra|Win32.Build.0 = Debug|x86
		{B501E13A-44D3-4B3C-9B65-3A326FE49767}.Old Tangra|x64.ActiveCfg = Debug|x86
		{B501E13A-44D3-4B3C-9B65-3A326FE49767}.Old Tangra|x86.ActiveCfg = Debug|x86
		{B501E13A-44D3-4B3C-9B65-3A326FE49767}.Old Tangra|x86.Build.0 = Debug|x86
		{B501E13A-44D3-4B3C-9B65-3A326FE49767}.Production|Any CPU.ActiveCfg = Debug|x86
		{B501E13A-44D3-4B3C-9B65-3A326FE49767}.Production|Mixed Platforms.ActiveCfg = Debug|x86
		{B501E13A-44D3-4B3C-9B65-3A326FE49767}.Production|Mixed Platforms.Build.0 = Debug|x86
		{B501E13A-44D3-4B3C-9B65-3A326FE49767}.Production|Win32.ActiveCfg = Debug|x86
		{B501E13A-44D3-4B3C-9B65-3A326FE49767}.Production|Win32.Build.0 = Debug|x86
		{B501E13A-44D3-4B3C-9B65-3A326FE49767}.Production|x64.ActiveCfg = Debug|x86
		{B501E13A-44D3-4B3C-9B65-3A326FE49767}.Production|x86.ActiveCfg = Debug|x86
		{B501E13A-44D3-4B3C-9B65-3A326FE49767}.Production|x86.Build.0 = Debug|x86
		{B501E13A-44D3-4B3C-9B65-3A326FE49767}.Release|Any CPU.ActiveCfg = Release|x86
		{B501E13A-44D3-4B3C-9B65-3A326FE49767}.Release|Mixed Platforms.ActiveCfg = Release|x86
		{B501E13A-44D3-4B3C-9B65-3A326FE49767}.Release|Mixed Platforms.Build.0 = Release|x86
		{B501E13A-44D3-4B3C-9B65-3A326FE49767}.Release|Win32.ActiveCfg = Release|x86
		{B501E13A-44D3-4B3C-9B65-3A326FE49767}.Release|x64.ActiveCfg = Release|x86
		{B501E13A-44D3-4B3C-9B65-3A326FE49767}.Release|x86.ActiveCfg = Release|x86
		{B501E13A-44D3-4B3C-9B65-3A326FE49767}.Release|x86.Build.0 = Release|x86
		{B501E13A-44D3-4B3C-9B65-3A326FE49767}.SingleImage|Any CPU.ActiveCfg = Debug|x86
		{B501E13A-44D3-4B3C-9B65-3A326FE49767}.SingleImage|Mixed Platforms.ActiveCfg = Release|x86
		{B501E13A-44D3-4B3C-9B65-3A326FE49767}.SingleImage|Mixed Platforms.Build.0 = Release|x86
		{B501E13A-44D3-4B3C-9B65-3A326FE49767}.SingleImage|Win32.ActiveCfg = Release|x86
		{B501E13A-44D3-4B3C-9B65-3A326FE49767}.SingleImage|Win32.Build.0 = Release|x86
		{B501E13A-44D3-4B3C-9B65-3A326FE49767}.SingleImage|x64.ActiveCfg = Debug|x86
		{B501E13A-44D3-4B3C-9B65-3A326FE49767}.SingleImage|x86.ActiveCfg = Release|x86
		{B501E13A-44D3-4B3C-9B65-3A326FE49767}.SingleImage|x86.Build.0 = Release|x86
		{B501E13A-44D3-4B3C-9B65-3A326FE49767}.UnitTests|Any CPU.ActiveCfg = Debug|x86
		{B501E13A-44D3-4B3C-9B65-3A326FE49767}.UnitTests|Mixed Platforms.ActiveCfg = Debug|x86
		{B501E13A-44D3-4B3C-9B65-3A326FE49767}.UnitTests|Mixed Platforms.Build.0 = Debug|x86
		{B501E13A-44D3-4B3C-9B65-3A326FE49767}.UnitTests|Win32.ActiveCfg = Debug|x86
		{B501E13A-44D3-4B3C-9B65-3A326FE49767}.UnitTests|Win32.Build.0 = Debug|x86
		{B501E13A-44D3-4B3C-9B65-3A326FE49767}.UnitTests|x64.ActiveCfg = Debug|x86
		{B501E13A-44D3-4B3C-9B65-3A326FE49767}.UnitTests|x86.ActiveCfg = Debug|x86
		{B501E13A-44D3-4B3C-9B65-3A326FE49767}.UnitTests|x86.Build.0 = Debug|x86
		{C4AD98C2-3E0A-4AB2-B7D1-31A5E13F2BDC}.AutomatedBuild|Any CPU.ActiveCfg = UnitTests|Any CPU
		{C4AD98C2-3E0A-4AB2-B7D1-31A5E13F2BDC}.AutomatedBuild|Any CPU.Build.0 = UnitTests|Any CPU
		{C4AD98C2-3E0A-4AB2-B7D1-31A5E13F2BDC}.AutomatedBuild|Mixed Platforms.ActiveCfg = UnitTests|x86
		{C4AD98C2-3E0A-4AB2-B7D1-31A5E13F2BDC}.AutomatedBuild|Mixed Platforms.Build.0 = UnitTests|x86
		{C4AD98C2-3E0A-4AB2-B7D1-31A5E13F2BDC}.AutomatedBuild|Win32.ActiveCfg = UnitTests|x86
		{C4AD98C2-3E0A-4AB2-B7D1-31A5E13F2BDC}.AutomatedBuild|Win32.Build.0 = UnitTests|x86
		{C4AD98C2-3E0A-4AB2-B7D1-31A5E13F2BDC}.AutomatedBuild|x64.ActiveCfg = UnitTests|Any CPU
		{C4AD98C2-3E0A-4AB2-B7D1-31A5E13F2BDC}.AutomatedBuild|x86.ActiveCfg = UnitTests|x86
		{C4AD98C2-3E0A-4AB2-B7D1-31A5E13F2BDC}.AutomatedBuild|x86.Build.0 = UnitTests|x86
		{C4AD98C2-3E0A-4AB2-B7D1-31A5E13F2BDC}.CD_ROM|Any CPU.ActiveCfg = UnitTests|Any CPU
		{C4AD98C2-3E0A-4AB2-B7D1-31A5E13F2BDC}.CD_ROM|Any CPU.Build.0 = UnitTests|Any CPU
		{C4AD98C2-3E0A-4AB2-B7D1-31A5E13F2BDC}.CD_ROM|Mixed Platforms.ActiveCfg = UnitTests|x86
		{C4AD98C2-3E0A-4AB2-B7D1-31A5E13F2BDC}.CD_ROM|Mixed Platforms.Build.0 = UnitTests|x86
		{C4AD98C2-3E0A-4AB2-B7D1-31A5E13F2BDC}.CD_ROM|Win32.ActiveCfg = UnitTests|x86
		{C4AD98C2-3E0A-4AB2-B7D1-31A5E13F2BDC}.CD_ROM|Win32.Build.0 = UnitTests|x86
		{C4AD98C2-3E0A-4AB2-B7D1-31A5E13F2BDC}.CD_ROM|x64.ActiveCfg = UnitTests|Any CPU
		{C4AD98C2-3E0A-4AB2-B7D1-31A5E13F2BDC}.CD_ROM|x86.ActiveCfg = UnitTests|x86
		{C4AD98C2-3E0A-4AB2-B7D1-31A5E13F2BDC}.CD_ROM|x86.Build.0 = UnitTests|x86
		{C4AD98C2-3E0A-4AB2-B7D1-31A5E13F2BDC}.Debug|Any CPU.ActiveCfg = Debug|Any CPU
		{C4AD98C2-3E0A-4AB2-B7D1-31A5E13F2BDC}.Debug|Any CPU.Build.0 = Debug|Any CPU
		{C4AD98C2-3E0A-4AB2-B7D1-31A5E13F2BDC}.Debug|Mixed Platforms.ActiveCfg = Debug|x86
		{C4AD98C2-3E0A-4AB2-B7D1-31A5E13F2BDC}.Debug|Mixed Platforms.Build.0 = Debug|x86
		{C4AD98C2-3E0A-4AB2-B7D1-31A5E13F2BDC}.Debug|Win32.ActiveCfg = Debug|x86
		{C4AD98C2-3E0A-4AB2-B7D1-31A5E13F2BDC}.Debug|Win32.Build.0 = Debug|x86
		{C4AD98C2-3E0A-4AB2-B7D1-31A5E13F2BDC}.Debug|x64.ActiveCfg = Debug|Any CPU
		{C4AD98C2-3E0A-4AB2-B7D1-31A5E13F2BDC}.Debug|x86.ActiveCfg = Debug|x86
		{C4AD98C2-3E0A-4AB2-B7D1-31A5E13F2BDC}.Debug|x86.Build.0 = Debug|x86
		{C4AD98C2-3E0A-4AB2-B7D1-31A5E13F2BDC}.DVD-5|Any CPU.ActiveCfg = Debug|Any CPU
		{C4AD98C2-3E0A-4AB2-B7D1-31A5E13F2BDC}.DVD-5|Any CPU.Build.0 = Debug|Any CPU
		{C4AD98C2-3E0A-4AB2-B7D1-31A5E13F2BDC}.DVD-5|Mixed Platforms.ActiveCfg = Debug|x86
		{C4AD98C2-3E0A-4AB2-B7D1-31A5E13F2BDC}.DVD-5|Mixed Platforms.Build.0 = Debug|x86
		{C4AD98C2-3E0A-4AB2-B7D1-31A5E13F2BDC}.DVD-5|Win32.ActiveCfg = Debug|x86
		{C4AD98C2-3E0A-4AB2-B7D1-31A5E13F2BDC}.DVD-5|Win32.Build.0 = Debug|x86
		{C4AD98C2-3E0A-4AB2-B7D1-31A5E13F2BDC}.DVD-5|x64.ActiveCfg = Debug|Any CPU
		{C4AD98C2-3E0A-4AB2-B7D1-31A5E13F2BDC}.DVD-5|x86.ActiveCfg = Debug|x86
		{C4AD98C2-3E0A-4AB2-B7D1-31A5E13F2BDC}.DVD-5|x86.Build.0 = Debug|x86
		{C4AD98C2-3E0A-4AB2-B7D1-31A5E13F2BDC}.Old Tangra|Any CPU.ActiveCfg = UnitTests|Any CPU
		{C4AD98C2-3E0A-4AB2-B7D1-31A5E13F2BDC}.Old Tangra|Any CPU.Build.0 = UnitTests|Any CPU
		{C4AD98C2-3E0A-4AB2-B7D1-31A5E13F2BDC}.Old Tangra|Mixed Platforms.ActiveCfg = UnitTests|x86
		{C4AD98C2-3E0A-4AB2-B7D1-31A5E13F2BDC}.Old Tangra|Mixed Platforms.Build.0 = UnitTests|x86
		{C4AD98C2-3E0A-4AB2-B7D1-31A5E13F2BDC}.Old Tangra|Win32.ActiveCfg = UnitTests|x86
		{C4AD98C2-3E0A-4AB2-B7D1-31A5E13F2BDC}.Old Tangra|Win32.Build.0 = UnitTests|x86
		{C4AD98C2-3E0A-4AB2-B7D1-31A5E13F2BDC}.Old Tangra|x64.ActiveCfg = UnitTests|Any CPU
		{C4AD98C2-3E0A-4AB2-B7D1-31A5E13F2BDC}.Old Tangra|x86.ActiveCfg = UnitTests|x86
		{C4AD98C2-3E0A-4AB2-B7D1-31A5E13F2BDC}.Old Tangra|x86.Build.0 = UnitTests|x86
		{C4AD98C2-3E0A-4AB2-B7D1-31A5E13F2BDC}.Production|Any CPU.ActiveCfg = Production|Any CPU
		{C4AD98C2-3E0A-4AB2-B7D1-31A5E13F2BDC}.Production|Any CPU.Build.0 = Production|Any CPU
		{C4AD98C2-3E0A-4AB2-B7D1-31A5E13F2BDC}.Production|Mixed Platforms.ActiveCfg = Production|x86
		{C4AD98C2-3E0A-4AB2-B7D1-31A5E13F2BDC}.Production|Mixed Platforms.Build.0 = Production|x86
		{C4AD98C2-3E0A-4AB2-B7D1-31A5E13F2BDC}.Production|Win32.ActiveCfg = Production|x86
		{C4AD98C2-3E0A-4AB2-B7D1-31A5E13F2BDC}.Production|Win32.Build.0 = Production|x86
		{C4AD98C2-3E0A-4AB2-B7D1-31A5E13F2BDC}.Production|x64.ActiveCfg = Production|Any CPU
		{C4AD98C2-3E0A-4AB2-B7D1-31A5E13F2BDC}.Production|x86.ActiveCfg = Production|x86
		{C4AD98C2-3E0A-4AB2-B7D1-31A5E13F2BDC}.Production|x86.Build.0 = Production|x86
		{C4AD98C2-3E0A-4AB2-B7D1-31A5E13F2BDC}.Release|Any CPU.ActiveCfg = Release|Any CPU
		{C4AD98C2-3E0A-4AB2-B7D1-31A5E13F2BDC}.Release|Any CPU.Build.0 = Release|Any CPU
		{C4AD98C2-3E0A-4AB2-B7D1-31A5E13F2BDC}.Release|Mixed Platforms.ActiveCfg = Release|x86
		{C4AD98C2-3E0A-4AB2-B7D1-31A5E13F2BDC}.Release|Mixed Platforms.Build.0 = Release|x86
		{C4AD98C2-3E0A-4AB2-B7D1-31A5E13F2BDC}.Release|Win32.ActiveCfg = Release|x86
		{C4AD98C2-3E0A-4AB2-B7D1-31A5E13F2BDC}.Release|Win32.Build.0 = Release|x86
		{C4AD98C2-3E0A-4AB2-B7D1-31A5E13F2BDC}.Release|x64.ActiveCfg = Release|Any CPU
		{C4AD98C2-3E0A-4AB2-B7D1-31A5E13F2BDC}.Release|x86.ActiveCfg = Release|x86
		{C4AD98C2-3E0A-4AB2-B7D1-31A5E13F2BDC}.Release|x86.Build.0 = Release|x86
		{C4AD98C2-3E0A-4AB2-B7D1-31A5E13F2BDC}.SingleImage|Any CPU.ActiveCfg = UnitTests|Any CPU
		{C4AD98C2-3E0A-4AB2-B7D1-31A5E13F2BDC}.SingleImage|Any CPU.Build.0 = UnitTests|Any CPU
		{C4AD98C2-3E0A-4AB2-B7D1-31A5E13F2BDC}.SingleImage|Mixed Platforms.ActiveCfg = UnitTests|x86
		{C4AD98C2-3E0A-4AB2-B7D1-31A5E13F2BDC}.SingleImage|Mixed Platforms.Build.0 = UnitTests|x86
		{C4AD98C2-3E0A-4AB2-B7D1-31A5E13F2BDC}.SingleImage|Win32.ActiveCfg = UnitTests|x86
		{C4AD98C2-3E0A-4AB2-B7D1-31A5E13F2BDC}.SingleImage|Win32.Build.0 = UnitTests|x86
		{C4AD98C2-3E0A-4AB2-B7D1-31A5E13F2BDC}.SingleImage|x64.ActiveCfg = UnitTests|Any CPU
		{C4AD98C2-3E0A-4AB2-B7D1-31A5E13F2BDC}.SingleImage|x86.ActiveCfg = UnitTests|x86
		{C4AD98C2-3E0A-4AB2-B7D1-31A5E13F2BDC}.SingleImage|x86.Build.0 = UnitTests|x86
		{C4AD98C2-3E0A-4AB2-B7D1-31A5E13F2BDC}.UnitTests|Any CPU.ActiveCfg = UnitTests|Any CPU
		{C4AD98C2-3E0A-4AB2-B7D1-31A5E13F2BDC}.UnitTests|Any CPU.Build.0 = UnitTests|Any CPU
		{C4AD98C2-3E0A-4AB2-B7D1-31A5E13F2BDC}.UnitTests|Mixed Platforms.ActiveCfg = UnitTests|x86
		{C4AD98C2-3E0A-4AB2-B7D1-31A5E13F2BDC}.UnitTests|Mixed Platforms.Build.0 = UnitTests|x86
		{C4AD98C2-3E0A-4AB2-B7D1-31A5E13F2BDC}.UnitTests|Win32.ActiveCfg = UnitTests|x86
		{C4AD98C2-3E0A-4AB2-B7D1-31A5E13F2BDC}.UnitTests|Win32.Build.0 = UnitTests|x86
		{C4AD98C2-3E0A-4AB2-B7D1-31A5E13F2BDC}.UnitTests|x64.ActiveCfg = UnitTests|Any CPU
		{C4AD98C2-3E0A-4AB2-B7D1-31A5E13F2BDC}.UnitTests|x86.ActiveCfg = UnitTests|x86
		{C4AD98C2-3E0A-4AB2-B7D1-31A5E13F2BDC}.UnitTests|x86.Build.0 = UnitTests|x86
		{16959003-A7F6-424A-BB62-7E6914240F9B}.AutomatedBuild|Any CPU.ActiveCfg = UnitTests|Any CPU
		{16959003-A7F6-424A-BB62-7E6914240F9B}.AutomatedBuild|Any CPU.Build.0 = UnitTests|Any CPU
		{16959003-A7F6-424A-BB62-7E6914240F9B}.AutomatedBuild|Mixed Platforms.ActiveCfg = UnitTests|x86
		{16959003-A7F6-424A-BB62-7E6914240F9B}.AutomatedBuild|Mixed Platforms.Build.0 = UnitTests|x86
		{16959003-A7F6-424A-BB62-7E6914240F9B}.AutomatedBuild|Win32.ActiveCfg = UnitTests|x86
		{16959003-A7F6-424A-BB62-7E6914240F9B}.AutomatedBuild|Win32.Build.0 = UnitTests|x86
		{16959003-A7F6-424A-BB62-7E6914240F9B}.AutomatedBuild|x64.ActiveCfg = UnitTests|x64
		{16959003-A7F6-424A-BB62-7E6914240F9B}.AutomatedBuild|x64.Build.0 = UnitTests|x64
		{16959003-A7F6-424A-BB62-7E6914240F9B}.AutomatedBuild|x86.ActiveCfg = UnitTests|x86
		{16959003-A7F6-424A-BB62-7E6914240F9B}.AutomatedBuild|x86.Build.0 = UnitTests|x86
		{16959003-A7F6-424A-BB62-7E6914240F9B}.CD_ROM|Any CPU.ActiveCfg = UnitTests|Any CPU
		{16959003-A7F6-424A-BB62-7E6914240F9B}.CD_ROM|Any CPU.Build.0 = UnitTests|Any CPU
		{16959003-A7F6-424A-BB62-7E6914240F9B}.CD_ROM|Mixed Platforms.ActiveCfg = UnitTests|x86
		{16959003-A7F6-424A-BB62-7E6914240F9B}.CD_ROM|Mixed Platforms.Build.0 = UnitTests|x86
		{16959003-A7F6-424A-BB62-7E6914240F9B}.CD_ROM|Win32.ActiveCfg = UnitTests|x86
		{16959003-A7F6-424A-BB62-7E6914240F9B}.CD_ROM|Win32.Build.0 = UnitTests|x86
		{16959003-A7F6-424A-BB62-7E6914240F9B}.CD_ROM|x64.ActiveCfg = UnitTests|x64
		{16959003-A7F6-424A-BB62-7E6914240F9B}.CD_ROM|x64.Build.0 = UnitTests|x64
		{16959003-A7F6-424A-BB62-7E6914240F9B}.CD_ROM|x86.ActiveCfg = UnitTests|x86
		{16959003-A7F6-424A-BB62-7E6914240F9B}.CD_ROM|x86.Build.0 = UnitTests|x86
		{16959003-A7F6-424A-BB62-7E6914240F9B}.Debug|Any CPU.ActiveCfg = Debug|Any CPU
		{16959003-A7F6-424A-BB62-7E6914240F9B}.Debug|Any CPU.Build.0 = Debug|Any CPU
		{16959003-A7F6-424A-BB62-7E6914240F9B}.Debug|Mixed Platforms.ActiveCfg = Debug|x86
		{16959003-A7F6-424A-BB62-7E6914240F9B}.Debug|Mixed Platforms.Build.0 = Debug|x86
		{16959003-A7F6-424A-BB62-7E6914240F9B}.Debug|Win32.ActiveCfg = Debug|x86
		{16959003-A7F6-424A-BB62-7E6914240F9B}.Debug|Win32.Build.0 = Debug|x86
		{16959003-A7F6-424A-BB62-7E6914240F9B}.Debug|x64.ActiveCfg = Debug|x64
		{16959003-A7F6-424A-BB62-7E6914240F9B}.Debug|x64.Build.0 = Debug|x64
		{16959003-A7F6-424A-BB62-7E6914240F9B}.Debug|x86.ActiveCfg = Debug|x86
		{16959003-A7F6-424A-BB62-7E6914240F9B}.Debug|x86.Build.0 = Debug|x86
		{16959003-A7F6-424A-BB62-7E6914240F9B}.DVD-5|Any CPU.ActiveCfg = Debug|Any CPU
		{16959003-A7F6-424A-BB62-7E6914240F9B}.DVD-5|Any CPU.Build.0 = Debug|Any CPU
		{16959003-A7F6-424A-BB62-7E6914240F9B}.DVD-5|Mixed Platforms.ActiveCfg = Debug|x86
		{16959003-A7F6-424A-BB62-7E6914240F9B}.DVD-5|Mixed Platforms.Build.0 = Debug|x86
		{16959003-A7F6-424A-BB62-7E6914240F9B}.DVD-5|Win32.ActiveCfg = Debug|x86
		{16959003-A7F6-424A-BB62-7E6914240F9B}.DVD-5|Win32.Build.0 = Debug|x86
		{16959003-A7F6-424A-BB62-7E6914240F9B}.DVD-5|x64.ActiveCfg = Debug|x64
		{16959003-A7F6-424A-BB62-7E6914240F9B}.DVD-5|x64.Build.0 = Debug|x64
		{16959003-A7F6-424A-BB62-7E6914240F9B}.DVD-5|x86.ActiveCfg = Debug|x86
		{16959003-A7F6-424A-BB62-7E6914240F9B}.DVD-5|x86.Build.0 = Debug|x86
		{16959003-A7F6-424A-BB62-7E6914240F9B}.Old Tangra|Any CPU.ActiveCfg = UnitTests|Any CPU
		{16959003-A7F6-424A-BB62-7E6914240F9B}.Old Tangra|Any CPU.Build.0 = UnitTests|Any CPU
		{16959003-A7F6-424A-BB62-7E6914240F9B}.Old Tangra|Mixed Platforms.ActiveCfg = UnitTests|x86
		{16959003-A7F6-424A-BB62-7E6914240F9B}.Old Tangra|Mixed Platforms.Build.0 = UnitTests|x86
		{16959003-A7F6-424A-BB62-7E6914240F9B}.Old Tangra|Win32.ActiveCfg = UnitTests|x86
		{16959003-A7F6-424A-BB62-7E6914240F9B}.Old Tangra|Win32.Build.0 = UnitTests|x86
		{16959003-A7F6-424A-BB62-7E6914240F9B}.Old Tangra|x64.ActiveCfg = UnitTests|x64
		{16959003-A7F6-424A-BB62-7E6914240F9B}.Old Tangra|x64.Build.0 = UnitTests|x64
		{16959003-A7F6-424A-BB62-7E6914240F9B}.Old Tangra|x86.ActiveCfg = UnitTests|x86
		{16959003-A7F6-424A-BB62-7E6914240F9B}.Old Tangra|x86.Build.0 = UnitTests|x86
		{16959003-A7F6-424A-BB62-7E6914240F9B}.Production|Any CPU.ActiveCfg = Production|Any CPU
		{16959003-A7F6-424A-BB62-7E6914240F9B}.Production|Any CPU.Build.0 = Production|Any CPU
		{16959003-A7F6-424A-BB62-7E6914240F9B}.Production|Mixed Platforms.ActiveCfg = Production|x86
		{16959003-A7F6-424A-BB62-7E6914240F9B}.Production|Mixed Platforms.Build.0 = Production|x86
		{16959003-A7F6-424A-BB62-7E6914240F9B}.Production|Win32.ActiveCfg = Production|x86
		{16959003-A7F6-424A-BB62-7E6914240F9B}.Production|Win32.Build.0 = Production|x86
		{16959003-A7F6-424A-BB62-7E6914240F9B}.Production|x64.ActiveCfg = Production|x64
		{16959003-A7F6-424A-BB62-7E6914240F9B}.Production|x64.Build.0 = Production|x64
		{16959003-A7F6-424A-BB62-7E6914240F9B}.Production|x86.ActiveCfg = Production|x86
		{16959003-A7F6-424A-BB62-7E6914240F9B}.Production|x86.Build.0 = Production|x86
		{16959003-A7F6-424A-BB62-7E6914240F9B}.Release|Any CPU.ActiveCfg = Release|Any CPU
		{16959003-A7F6-424A-BB62-7E6914240F9B}.Release|Any CPU.Build.0 = Release|Any CPU
		{16959003-A7F6-424A-BB62-7E6914240F9B}.Release|Mixed Platforms.ActiveCfg = Release|x86
		{16959003-A7F6-424A-BB62-7E6914240F9B}.Release|Mixed Platforms.Build.0 = Release|x86
		{16959003-A7F6-424A-BB62-7E6914240F9B}.Release|Win32.ActiveCfg = Release|x86
		{16959003-A7F6-424A-BB62-7E6914240F9B}.Release|Win32.Build.0 = Release|x86
		{16959003-A7F6-424A-BB62-7E6914240F9B}.Release|x64.ActiveCfg = Release|x64
		{16959003-A7F6-424A-BB62-7E6914240F9B}.Release|x64.Build.0 = Release|x64
		{16959003-A7F6-424A-BB62-7E6914240F9B}.Release|x86.ActiveCfg = Release|x86
		{16959003-A7F6-424A-BB62-7E6914240F9B}.Release|x86.Build.0 = Release|x86
		{16959003-A7F6-424A-BB62-7E6914240F9B}.SingleImage|Any CPU.ActiveCfg = UnitTests|Any CPU
		{16959003-A7F6-424A-BB62-7E6914240F9B}.SingleImage|Any CPU.Build.0 = UnitTests|Any CPU
		{16959003-A7F6-424A-BB62-7E6914240F9B}.SingleImage|Mixed Platforms.ActiveCfg = UnitTests|x86
		{16959003-A7F6-424A-BB62-7E6914240F9B}.SingleImage|Mixed Platforms.Build.0 = UnitTests|x86
		{16959003-A7F6-424A-BB62-7E6914240F9B}.SingleImage|Win32.ActiveCfg = UnitTests|x86
		{16959003-A7F6-424A-BB62-7E6914240F9B}.SingleImage|Win32.Build.0 = UnitTests|x86
		{16959003-A7F6-424A-BB62-7E6914240F9B}.SingleImage|x64.ActiveCfg = UnitTests|x64
		{16959003-A7F6-424A-BB62-7E6914240F9B}.SingleImage|x64.Build.0 = UnitTests|x64
		{16959003-A7F6-424A-BB62-7E6914240F9B}.SingleImage|x86.ActiveCfg = UnitTests|x86
		{16959003-A7F6-424A-BB62-7E6914240F9B}.SingleImage|x86.Build.0 = UnitTests|x86
		{16959003-A7F6-424A-BB62-7E6914240F9B}.UnitTests|Any CPU.ActiveCfg = UnitTests|Any CPU
		{16959003-A7F6-424A-BB62-7E6914240F9B}.UnitTests|Any CPU.Build.0 = UnitTests|Any CPU
		{16959003-A7F6-424A-BB62-7E6914240F9B}.UnitTests|Mixed Platforms.ActiveCfg = UnitTests|x86
		{16959003-A7F6-424A-BB62-7E6914240F9B}.UnitTests|Mixed Platforms.Build.0 = UnitTests|x86
		{16959003-A7F6-424A-BB62-7E6914240F9B}.UnitTests|Win32.ActiveCfg = UnitTests|x86
		{16959003-A7F6-424A-BB62-7E6914240F9B}.UnitTests|Win32.Build.0 = UnitTests|x86
		{16959003-A7F6-424A-BB62-7E6914240F9B}.UnitTests|x64.ActiveCfg = UnitTests|x64
		{16959003-A7F6-424A-BB62-7E6914240F9B}.UnitTests|x64.Build.0 = UnitTests|x64
		{16959003-A7F6-424A-BB62-7E6914240F9B}.UnitTests|x86.ActiveCfg = UnitTests|x86
		{16959003-A7F6-424A-BB62-7E6914240F9B}.UnitTests|x86.Build.0 = UnitTests|x86
		{52C2C4DC-8205-4C0B-A330-A6D20809B9FF}.AutomatedBuild|Any CPU.ActiveCfg = Release|Win32
		{52C2C4DC-8205-4C0B-A330-A6D20809B9FF}.AutomatedBuild|Mixed Platforms.ActiveCfg = Release|Win32
		{52C2C4DC-8205-4C0B-A330-A6D20809B9FF}.AutomatedBuild|Mixed Platforms.Build.0 = Release|Win32
		{52C2C4DC-8205-4C0B-A330-A6D20809B9FF}.AutomatedBuild|Win32.ActiveCfg = Release|Win32
		{52C2C4DC-8205-4C0B-A330-A6D20809B9FF}.AutomatedBuild|Win32.Build.0 = Release|Win32
		{52C2C4DC-8205-4C0B-A330-A6D20809B9FF}.AutomatedBuild|x64.ActiveCfg = Release|Win32
		{52C2C4DC-8205-4C0B-A330-A6D20809B9FF}.AutomatedBuild|x86.ActiveCfg = Release|Win32
		{52C2C4DC-8205-4C0B-A330-A6D20809B9FF}.AutomatedBuild|x86.Build.0 = Release|Win32
		{52C2C4DC-8205-4C0B-A330-A6D20809B9FF}.CD_ROM|Any CPU.ActiveCfg = Release|Win32
		{52C2C4DC-8205-4C0B-A330-A6D20809B9FF}.CD_ROM|Mixed Platforms.ActiveCfg = Release|Win32
		{52C2C4DC-8205-4C0B-A330-A6D20809B9FF}.CD_ROM|Mixed Platforms.Build.0 = Release|Win32
		{52C2C4DC-8205-4C0B-A330-A6D20809B9FF}.CD_ROM|Win32.ActiveCfg = Release|Win32
		{52C2C4DC-8205-4C0B-A330-A6D20809B9FF}.CD_ROM|Win32.Build.0 = Release|Win32
		{52C2C4DC-8205-4C0B-A330-A6D20809B9FF}.CD_ROM|x64.ActiveCfg = Release|Win32
		{52C2C4DC-8205-4C0B-A330-A6D20809B9FF}.CD_ROM|x86.ActiveCfg = Release|Win32
		{52C2C4DC-8205-4C0B-A330-A6D20809B9FF}.CD_ROM|x86.Build.0 = Release|Win32
		{52C2C4DC-8205-4C0B-A330-A6D20809B9FF}.Debug|Any CPU.ActiveCfg = Debug|Win32
		{52C2C4DC-8205-4C0B-A330-A6D20809B9FF}.Debug|Mixed Platforms.ActiveCfg = Debug|Win32
		{52C2C4DC-8205-4C0B-A330-A6D20809B9FF}.Debug|Mixed Platforms.Build.0 = Debug|Win32
		{52C2C4DC-8205-4C0B-A330-A6D20809B9FF}.Debug|Win32.ActiveCfg = Debug|Win32
		{52C2C4DC-8205-4C0B-A330-A6D20809B9FF}.Debug|Win32.Build.0 = Debug|Win32
		{52C2C4DC-8205-4C0B-A330-A6D20809B9FF}.Debug|x64.ActiveCfg = Debug|Win32
		{52C2C4DC-8205-4C0B-A330-A6D20809B9FF}.Debug|x86.ActiveCfg = Debug|Win32
		{52C2C4DC-8205-4C0B-A330-A6D20809B9FF}.Debug|x86.Build.0 = Debug|Win32
		{52C2C4DC-8205-4C0B-A330-A6D20809B9FF}.DVD-5|Any CPU.ActiveCfg = Debug|Win32
		{52C2C4DC-8205-4C0B-A330-A6D20809B9FF}.DVD-5|Mixed Platforms.ActiveCfg = Debug|Win32
		{52C2C4DC-8205-4C0B-A330-A6D20809B9FF}.DVD-5|Mixed Platforms.Build.0 = Debug|Win32
		{52C2C4DC-8205-4C0B-A330-A6D20809B9FF}.DVD-5|Win32.ActiveCfg = Debug|Win32
		{52C2C4DC-8205-4C0B-A330-A6D20809B9FF}.DVD-5|Win32.Build.0 = Debug|Win32
		{52C2C4DC-8205-4C0B-A330-A6D20809B9FF}.DVD-5|x64.ActiveCfg = Debug|Win32
		{52C2C4DC-8205-4C0B-A330-A6D20809B9FF}.DVD-5|x86.ActiveCfg = Debug|Win32
		{52C2C4DC-8205-4C0B-A330-A6D20809B9FF}.DVD-5|x86.Build.0 = Debug|Win32
		{52C2C4DC-8205-4C0B-A330-A6D20809B9FF}.Old Tangra|Any CPU.ActiveCfg = Release|Win32
		{52C2C4DC-8205-4C0B-A330-A6D20809B9FF}.Old Tangra|Mixed Platforms.ActiveCfg = Release|Win32
		{52C2C4DC-8205-4C0B-A330-A6D20809B9FF}.Old Tangra|Mixed Platforms.Build.0 = Release|Win32
		{52C2C4DC-8205-4C0B-A330-A6D20809B9FF}.Old Tangra|Win32.ActiveCfg = Release|Win32
		{52C2C4DC-8205-4C0B-A330-A6D20809B9FF}.Old Tangra|Win32.Build.0 = Release|Win32
		{52C2C4DC-8205-4C0B-A330-A6D20809B9FF}.Old Tangra|x64.ActiveCfg = Release|Win32
		{52C2C4DC-8205-4C0B-A330-A6D20809B9FF}.Old Tangra|x86.ActiveCfg = Release|Win32
		{52C2C4DC-8205-4C0B-A330-A6D20809B9FF}.Old Tangra|x86.Build.0 = Release|Win32
		{52C2C4DC-8205-4C0B-A330-A6D20809B9FF}.Production|Any CPU.ActiveCfg = Release|Win32
		{52C2C4DC-8205-4C0B-A330-A6D20809B9FF}.Production|Mixed Platforms.ActiveCfg = Release|Win32
		{52C2C4DC-8205-4C0B-A330-A6D20809B9FF}.Production|Mixed Platforms.Build.0 = Release|Win32
		{52C2C4DC-8205-4C0B-A330-A6D20809B9FF}.Production|Win32.ActiveCfg = Release|Win32
		{52C2C4DC-8205-4C0B-A330-A6D20809B9FF}.Production|Win32.Build.0 = Release|Win32
		{52C2C4DC-8205-4C0B-A330-A6D20809B9FF}.Production|x64.ActiveCfg = Release|Win32
		{52C2C4DC-8205-4C0B-A330-A6D20809B9FF}.Production|x86.ActiveCfg = Release|Win32
		{52C2C4DC-8205-4C0B-A330-A6D20809B9FF}.Production|x86.Build.0 = Release|Win32
		{52C2C4DC-8205-4C0B-A330-A6D20809B9FF}.Release|Any CPU.ActiveCfg = Release|Win32
		{52C2C4DC-8205-4C0B-A330-A6D20809B9FF}.Release|Mixed Platforms.ActiveCfg = Release|Win32
		{52C2C4DC-8205-4C0B-A330-A6D20809B9FF}.Release|Mixed Platforms.Build.0 = Release|Win32
		{52C2C4DC-8205-4C0B-A330-A6D20809B9FF}.Release|Win32.ActiveCfg = Release|Win32
		{52C2C4DC-8205-4C0B-A330-A6D20809B9FF}.Release|Win32.Build.0 = Release|Win32
		{52C2C4DC-8205-4C0B-A330-A6D20809B9FF}.Release|x64.ActiveCfg = Release|Win32
		{52C2C4DC-8205-4C0B-A330-A6D20809B9FF}.Release|x86.ActiveCfg = Release|Win32
		{52C2C4DC-8205-4C0B-A330-A6D20809B9FF}.Release|x86.Build.0 = Release|Win32
		{52C2C4DC-8205-4C0B-A330-A6D20809B9FF}.SingleImage|Any CPU.ActiveCfg = Release|Win32
		{52C2C4DC-8205-4C0B-A330-A6D20809B9FF}.SingleImage|Mixed Platforms.ActiveCfg = Release|Win32
		{52C2C4DC-8205-4C0B-A330-A6D20809B9FF}.SingleImage|Mixed Platforms.Build.0 = Release|Win32
		{52C2C4DC-8205-4C0B-A330-A6D20809B9FF}.SingleImage|Win32.ActiveCfg = Release|Win32
		{52C2C4DC-8205-4C0B-A330-A6D20809B9FF}.SingleImage|Win32.Build.0 = Release|Win32
		{52C2C4DC-8205-4C0B-A330-A6D20809B9FF}.SingleImage|x64.ActiveCfg = Release|Win32
		{52C2C4DC-8205-4C0B-A330-A6D20809B9FF}.SingleImage|x86.ActiveCfg = Release|Win32
		{52C2C4DC-8205-4C0B-A330-A6D20809B9FF}.SingleImage|x86.Build.0 = Release|Win32
		{52C2C4DC-8205-4C0B-A330-A6D20809B9FF}.UnitTests|Any CPU.ActiveCfg = Release|Win32
		{52C2C4DC-8205-4C0B-A330-A6D20809B9FF}.UnitTests|Mixed Platforms.ActiveCfg = Release|Win32
		{52C2C4DC-8205-4C0B-A330-A6D20809B9FF}.UnitTests|Mixed Platforms.Build.0 = Release|Win32
		{52C2C4DC-8205-4C0B-A330-A6D20809B9FF}.UnitTests|Win32.ActiveCfg = Release|Win32
		{52C2C4DC-8205-4C0B-A330-A6D20809B9FF}.UnitTests|Win32.Build.0 = Release|Win32
		{52C2C4DC-8205-4C0B-A330-A6D20809B9FF}.UnitTests|x64.ActiveCfg = Release|Win32
		{52C2C4DC-8205-4C0B-A330-A6D20809B9FF}.UnitTests|x86.ActiveCfg = Release|Win32
		{52C2C4DC-8205-4C0B-A330-A6D20809B9FF}.UnitTests|x86.Build.0 = Release|Win32
		{49BB0397-5B5C-4A9C-B35F-E50EDB22C919}.AutomatedBuild|Any CPU.ActiveCfg = Release|Any CPU
		{49BB0397-5B5C-4A9C-B35F-E50EDB22C919}.AutomatedBuild|Any CPU.Build.0 = Release|Any CPU
		{49BB0397-5B5C-4A9C-B35F-E50EDB22C919}.AutomatedBuild|Mixed Platforms.ActiveCfg = Release|Any CPU
		{49BB0397-5B5C-4A9C-B35F-E50EDB22C919}.AutomatedBuild|Mixed Platforms.Build.0 = Release|Any CPU
		{49BB0397-5B5C-4A9C-B35F-E50EDB22C919}.AutomatedBuild|Win32.ActiveCfg = Release|Any CPU
		{49BB0397-5B5C-4A9C-B35F-E50EDB22C919}.AutomatedBuild|x64.ActiveCfg = Release|Any CPU
		{49BB0397-5B5C-4A9C-B35F-E50EDB22C919}.AutomatedBuild|x86.ActiveCfg = Release|Any CPU
		{49BB0397-5B5C-4A9C-B35F-E50EDB22C919}.CD_ROM|Any CPU.ActiveCfg = Release|Any CPU
		{49BB0397-5B5C-4A9C-B35F-E50EDB22C919}.CD_ROM|Any CPU.Build.0 = Release|Any CPU
		{49BB0397-5B5C-4A9C-B35F-E50EDB22C919}.CD_ROM|Mixed Platforms.ActiveCfg = Release|Any CPU
		{49BB0397-5B5C-4A9C-B35F-E50EDB22C919}.CD_ROM|Mixed Platforms.Build.0 = Release|Any CPU
		{49BB0397-5B5C-4A9C-B35F-E50EDB22C919}.CD_ROM|Win32.ActiveCfg = Release|Any CPU
		{49BB0397-5B5C-4A9C-B35F-E50EDB22C919}.CD_ROM|x64.ActiveCfg = Release|Any CPU
		{49BB0397-5B5C-4A9C-B35F-E50EDB22C919}.CD_ROM|x86.ActiveCfg = Release|Any CPU
		{49BB0397-5B5C-4A9C-B35F-E50EDB22C919}.Debug|Any CPU.ActiveCfg = Debug|Any CPU
		{49BB0397-5B5C-4A9C-B35F-E50EDB22C919}.Debug|Any CPU.Build.0 = Debug|Any CPU
		{49BB0397-5B5C-4A9C-B35F-E50EDB22C919}.Debug|Mixed Platforms.ActiveCfg = Debug|x86
		{49BB0397-5B5C-4A9C-B35F-E50EDB22C919}.Debug|Mixed Platforms.Build.0 = Debug|x86
		{49BB0397-5B5C-4A9C-B35F-E50EDB22C919}.Debug|Win32.ActiveCfg = Debug|Any CPU
		{49BB0397-5B5C-4A9C-B35F-E50EDB22C919}.Debug|x64.ActiveCfg = Debug|Any CPU
		{49BB0397-5B5C-4A9C-B35F-E50EDB22C919}.Debug|x86.ActiveCfg = Debug|Any CPU
		{49BB0397-5B5C-4A9C-B35F-E50EDB22C919}.DVD-5|Any CPU.ActiveCfg = Debug|Any CPU
		{49BB0397-5B5C-4A9C-B35F-E50EDB22C919}.DVD-5|Any CPU.Build.0 = Debug|Any CPU
		{49BB0397-5B5C-4A9C-B35F-E50EDB22C919}.DVD-5|Mixed Platforms.ActiveCfg = Debug|Any CPU
		{49BB0397-5B5C-4A9C-B35F-E50EDB22C919}.DVD-5|Mixed Platforms.Build.0 = Debug|Any CPU
		{49BB0397-5B5C-4A9C-B35F-E50EDB22C919}.DVD-5|Win32.ActiveCfg = Debug|Any CPU
		{49BB0397-5B5C-4A9C-B35F-E50EDB22C919}.DVD-5|x64.ActiveCfg = Debug|Any CPU
		{49BB0397-5B5C-4A9C-B35F-E50EDB22C919}.DVD-5|x86.ActiveCfg = Debug|Any CPU
		{49BB0397-5B5C-4A9C-B35F-E50EDB22C919}.Old Tangra|Any CPU.ActiveCfg = Release|Any CPU
		{49BB0397-5B5C-4A9C-B35F-E50EDB22C919}.Old Tangra|Any CPU.Build.0 = Release|Any CPU
		{49BB0397-5B5C-4A9C-B35F-E50EDB22C919}.Old Tangra|Mixed Platforms.ActiveCfg = Release|Any CPU
		{49BB0397-5B5C-4A9C-B35F-E50EDB22C919}.Old Tangra|Mixed Platforms.Build.0 = Release|Any CPU
		{49BB0397-5B5C-4A9C-B35F-E50EDB22C919}.Old Tangra|Win32.ActiveCfg = Release|Any CPU
		{49BB0397-5B5C-4A9C-B35F-E50EDB22C919}.Old Tangra|x64.ActiveCfg = Release|Any CPU
		{49BB0397-5B5C-4A9C-B35F-E50EDB22C919}.Old Tangra|x86.ActiveCfg = Release|Any CPU
		{49BB0397-5B5C-4A9C-B35F-E50EDB22C919}.Production|Any CPU.ActiveCfg = Release|Any CPU
		{49BB0397-5B5C-4A9C-B35F-E50EDB22C919}.Production|Any CPU.Build.0 = Release|Any CPU
		{49BB0397-5B5C-4A9C-B35F-E50EDB22C919}.Production|Mixed Platforms.ActiveCfg = Release|Any CPU
		{49BB0397-5B5C-4A9C-B35F-E50EDB22C919}.Production|Mixed Platforms.Build.0 = Release|Any CPU
		{49BB0397-5B5C-4A9C-B35F-E50EDB22C919}.Production|Win32.ActiveCfg = Release|Any CPU
		{49BB0397-5B5C-4A9C-B35F-E50EDB22C919}.Production|x64.ActiveCfg = Release|Any CPU
		{49BB0397-5B5C-4A9C-B35F-E50EDB22C919}.Production|x86.ActiveCfg = Release|Any CPU
		{49BB0397-5B5C-4A9C-B35F-E50EDB22C919}.Release|Any CPU.ActiveCfg = Release|Any CPU
		{49BB0397-5B5C-4A9C-B35F-E50EDB22C919}.Release|Any CPU.Build.0 = Release|Any CPU
		{49BB0397-5B5C-4A9C-B35F-E50EDB22C919}.Release|Mixed Platforms.ActiveCfg = Release|Any CPU
		{49BB0397-5B5C-4A9C-B35F-E50EDB22C919}.Release|Mixed Platforms.Build.0 = Release|Any CPU
		{49BB0397-5B5C-4A9C-B35F-E50EDB22C919}.Release|Win32.ActiveCfg = Release|Any CPU
		{49BB0397-5B5C-4A9C-B35F-E50EDB22C919}.Release|x64.ActiveCfg = Release|Any CPU
		{49BB0397-5B5C-4A9C-B35F-E50EDB22C919}.Release|x86.ActiveCfg = Release|Any CPU
		{49BB0397-5B5C-4A9C-B35F-E50EDB22C919}.SingleImage|Any CPU.ActiveCfg = Release|Any CPU
		{49BB0397-5B5C-4A9C-B35F-E50EDB22C919}.SingleImage|Any CPU.Build.0 = Release|Any CPU
		{49BB0397-5B5C-4A9C-B35F-E50EDB22C919}.SingleImage|Mixed Platforms.ActiveCfg = Release|Any CPU
		{49BB0397-5B5C-4A9C-B35F-E50EDB22C919}.SingleImage|Mixed Platforms.Build.0 = Release|Any CPU
		{49BB0397-5B5C-4A9C-B35F-E50EDB22C919}.SingleImage|Win32.ActiveCfg = Release|Any CPU
		{49BB0397-5B5C-4A9C-B35F-E50EDB22C919}.SingleImage|x64.ActiveCfg = Release|Any CPU
		{49BB0397-5B5C-4A9C-B35F-E50EDB22C919}.SingleImage|x86.ActiveCfg = Release|Any CPU
		{49BB0397-5B5C-4A9C-B35F-E50EDB22C919}.UnitTests|Any CPU.ActiveCfg = Release|Any CPU
		{49BB0397-5B5C-4A9C-B35F-E50EDB22C919}.UnitTests|Any CPU.Build.0 = Release|Any CPU
		{49BB0397-5B5C-4A9C-B35F-E50EDB22C919}.UnitTests|Mixed Platforms.ActiveCfg = Release|Any CPU
		{49BB0397-5B5C-4A9C-B35F-E50EDB22C919}.UnitTests|Mixed Platforms.Build.0 = Release|Any CPU
		{49BB0397-5B5C-4A9C-B35F-E50EDB22C919}.UnitTests|Win32.ActiveCfg = Release|Any CPU
		{49BB0397-5B5C-4A9C-B35F-E50EDB22C919}.UnitTests|x64.ActiveCfg = Release|Any CPU
		{49BB0397-5B5C-4A9C-B35F-E50EDB22C919}.UnitTests|x86.ActiveCfg = Release|Any CPU
		{20DDFF08-2F85-43A3-939B-DC51DAFD1FC9}.AutomatedBuild|Any CPU.ActiveCfg = Release|Any CPU
		{20DDFF08-2F85-43A3-939B-DC51DAFD1FC9}.AutomatedBuild|Any CPU.Build.0 = Release|Any CPU
		{20DDFF08-2F85-43A3-939B-DC51DAFD1FC9}.AutomatedBuild|Mixed Platforms.ActiveCfg = Release|Any CPU
		{20DDFF08-2F85-43A3-939B-DC51DAFD1FC9}.AutomatedBuild|Mixed Platforms.Build.0 = Release|Any CPU
		{20DDFF08-2F85-43A3-939B-DC51DAFD1FC9}.AutomatedBuild|Win32.ActiveCfg = Release|Any CPU
		{20DDFF08-2F85-43A3-939B-DC51DAFD1FC9}.AutomatedBuild|x64.ActiveCfg = Release|Any CPU
		{20DDFF08-2F85-43A3-939B-DC51DAFD1FC9}.AutomatedBuild|x86.ActiveCfg = Release|Any CPU
		{20DDFF08-2F85-43A3-939B-DC51DAFD1FC9}.CD_ROM|Any CPU.ActiveCfg = Release|Any CPU
		{20DDFF08-2F85-43A3-939B-DC51DAFD1FC9}.CD_ROM|Any CPU.Build.0 = Release|Any CPU
		{20DDFF08-2F85-43A3-939B-DC51DAFD1FC9}.CD_ROM|Mixed Platforms.ActiveCfg = Release|Any CPU
		{20DDFF08-2F85-43A3-939B-DC51DAFD1FC9}.CD_ROM|Mixed Platforms.Build.0 = Release|Any CPU
		{20DDFF08-2F85-43A3-939B-DC51DAFD1FC9}.CD_ROM|Win32.ActiveCfg = Release|Any CPU
		{20DDFF08-2F85-43A3-939B-DC51DAFD1FC9}.CD_ROM|x64.ActiveCfg = Release|Any CPU
		{20DDFF08-2F85-43A3-939B-DC51DAFD1FC9}.CD_ROM|x86.ActiveCfg = Release|Any CPU
		{20DDFF08-2F85-43A3-939B-DC51DAFD1FC9}.Debug|Any CPU.ActiveCfg = Debug|Any CPU
		{20DDFF08-2F85-43A3-939B-DC51DAFD1FC9}.Debug|Any CPU.Build.0 = Debug|Any CPU
		{20DDFF08-2F85-43A3-939B-DC51DAFD1FC9}.Debug|Mixed Platforms.ActiveCfg = Debug|x86
		{20DDFF08-2F85-43A3-939B-DC51DAFD1FC9}.Debug|Mixed Platforms.Build.0 = Debug|x86
		{20DDFF08-2F85-43A3-939B-DC51DAFD1FC9}.Debug|Win32.ActiveCfg = Debug|Any CPU
		{20DDFF08-2F85-43A3-939B-DC51DAFD1FC9}.Debug|x64.ActiveCfg = Debug|Any CPU
		{20DDFF08-2F85-43A3-939B-DC51DAFD1FC9}.Debug|x86.ActiveCfg = Debug|Any CPU
		{20DDFF08-2F85-43A3-939B-DC51DAFD1FC9}.DVD-5|Any CPU.ActiveCfg = Debug|Any CPU
		{20DDFF08-2F85-43A3-939B-DC51DAFD1FC9}.DVD-5|Any CPU.Build.0 = Debug|Any CPU
		{20DDFF08-2F85-43A3-939B-DC51DAFD1FC9}.DVD-5|Mixed Platforms.ActiveCfg = Debug|Any CPU
		{20DDFF08-2F85-43A3-939B-DC51DAFD1FC9}.DVD-5|Mixed Platforms.Build.0 = Debug|Any CPU
		{20DDFF08-2F85-43A3-939B-DC51DAFD1FC9}.DVD-5|Win32.ActiveCfg = Debug|Any CPU
		{20DDFF08-2F85-43A3-939B-DC51DAFD1FC9}.DVD-5|x64.ActiveCfg = Debug|Any CPU
		{20DDFF08-2F85-43A3-939B-DC51DAFD1FC9}.DVD-5|x86.ActiveCfg = Debug|Any CPU
		{20DDFF08-2F85-43A3-939B-DC51DAFD1FC9}.Old Tangra|Any CPU.ActiveCfg = Release|Any CPU
		{20DDFF08-2F85-43A3-939B-DC51DAFD1FC9}.Old Tangra|Any CPU.Build.0 = Release|Any CPU
		{20DDFF08-2F85-43A3-939B-DC51DAFD1FC9}.Old Tangra|Mixed Platforms.ActiveCfg = Release|Any CPU
		{20DDFF08-2F85-43A3-939B-DC51DAFD1FC9}.Old Tangra|Mixed Platforms.Build.0 = Release|Any CPU
		{20DDFF08-2F85-43A3-939B-DC51DAFD1FC9}.Old Tangra|Win32.ActiveCfg = Release|Any CPU
		{20DDFF08-2F85-43A3-939B-DC51DAFD1FC9}.Old Tangra|x64.ActiveCfg = Release|Any CPU
		{20DDFF08-2F85-43A3-939B-DC51DAFD1FC9}.Old Tangra|x86.ActiveCfg = Release|Any CPU
		{20DDFF08-2F85-43A3-939B-DC51DAFD1FC9}.Production|Any CPU.ActiveCfg = Release|Any CPU
		{20DDFF08-2F85-43A3-939B-DC51DAFD1FC9}.Production|Any CPU.Build.0 = Release|Any CPU
		{20DDFF08-2F85-43A3-939B-DC51DAFD1FC9}.Production|Mixed Platforms.ActiveCfg = Release|Any CPU
		{20DDFF08-2F85-43A3-939B-DC51DAFD1FC9}.Production|Mixed Platforms.Build.0 = Release|Any CPU
		{20DDFF08-2F85-43A3-939B-DC51DAFD1FC9}.Production|Win32.ActiveCfg = Release|Any CPU
		{20DDFF08-2F85-43A3-939B-DC51DAFD1FC9}.Production|x64.ActiveCfg = Release|Any CPU
		{20DDFF08-2F85-43A3-939B-DC51DAFD1FC9}.Production|x86.ActiveCfg = Release|Any CPU
		{20DDFF08-2F85-43A3-939B-DC51DAFD1FC9}.Release|Any CPU.ActiveCfg = Release|Any CPU
		{20DDFF08-2F85-43A3-939B-DC51DAFD1FC9}.Release|Any CPU.Build.0 = Release|Any CPU
		{20DDFF08-2F85-43A3-939B-DC51DAFD1FC9}.Release|Mixed Platforms.ActiveCfg = Release|Any CPU
		{20DDFF08-2F85-43A3-939B-DC51DAFD1FC9}.Release|Mixed Platforms.Build.0 = Release|Any CPU
		{20DDFF08-2F85-43A3-939B-DC51DAFD1FC9}.Release|Win32.ActiveCfg = Release|Any CPU
		{20DDFF08-2F85-43A3-939B-DC51DAFD1FC9}.Release|x64.ActiveCfg = Release|Any CPU
		{20DDFF08-2F85-43A3-939B-DC51DAFD1FC9}.Release|x86.ActiveCfg = Release|Any CPU
		{20DDFF08-2F85-43A3-939B-DC51DAFD1FC9}.SingleImage|Any CPU.ActiveCfg = Release|Any CPU
		{20DDFF08-2F85-43A3-939B-DC51DAFD1FC9}.SingleImage|Any CPU.Build.0 = Release|Any CPU
		{20DDFF08-2F85-43A3-939B-DC51DAFD1FC9}.SingleImage|Mixed Platforms.ActiveCfg = Release|Any CPU
		{20DDFF08-2F85-43A3-939B-DC51DAFD1FC9}.SingleImage|Mixed Platforms.Build.0 = Release|Any CPU
		{20DDFF08-2F85-43A3-939B-DC51DAFD1FC9}.SingleImage|Win32.ActiveCfg = Release|Any CPU
		{20DDFF08-2F85-43A3-939B-DC51DAFD1FC9}.SingleImage|x64.ActiveCfg = Release|Any CPU
		{20DDFF08-2F85-43A3-939B-DC51DAFD1FC9}.SingleImage|x86.ActiveCfg = Release|Any CPU
		{20DDFF08-2F85-43A3-939B-DC51DAFD1FC9}.UnitTests|Any CPU.ActiveCfg = Release|Any CPU
		{20DDFF08-2F85-43A3-939B-DC51DAFD1FC9}.UnitTests|Any CPU.Build.0 = Release|Any CPU
		{20DDFF08-2F85-43A3-939B-DC51DAFD1FC9}.UnitTests|Mixed Platforms.ActiveCfg = Release|Any CPU
		{20DDFF08-2F85-43A3-939B-DC51DAFD1FC9}.UnitTests|Mixed Platforms.Build.0 = Release|Any CPU
		{20DDFF08-2F85-43A3-939B-DC51DAFD1FC9}.UnitTests|Win32.ActiveCfg = Release|Any CPU
		{20DDFF08-2F85-43A3-939B-DC51DAFD1FC9}.UnitTests|x64.ActiveCfg = Release|Any CPU
		{20DDFF08-2F85-43A3-939B-DC51DAFD1FC9}.UnitTests|x86.ActiveCfg = Release|Any CPU
		{7BAEB5CE-8F42-478D-9D0B-FD26C287D1B8}.AutomatedBuild|Any CPU.ActiveCfg = Release|Any CPU
		{7BAEB5CE-8F42-478D-9D0B-FD26C287D1B8}.AutomatedBuild|Any CPU.Build.0 = Release|Any CPU
		{7BAEB5CE-8F42-478D-9D0B-FD26C287D1B8}.AutomatedBuild|Mixed Platforms.ActiveCfg = Release|Any CPU
		{7BAEB5CE-8F42-478D-9D0B-FD26C287D1B8}.AutomatedBuild|Mixed Platforms.Build.0 = Release|Any CPU
		{7BAEB5CE-8F42-478D-9D0B-FD26C287D1B8}.AutomatedBuild|Win32.ActiveCfg = Release|Any CPU
		{7BAEB5CE-8F42-478D-9D0B-FD26C287D1B8}.AutomatedBuild|x64.ActiveCfg = Release|Any CPU
		{7BAEB5CE-8F42-478D-9D0B-FD26C287D1B8}.AutomatedBuild|x86.ActiveCfg = Release|Any CPU
		{7BAEB5CE-8F42-478D-9D0B-FD26C287D1B8}.CD_ROM|Any CPU.ActiveCfg = Release|Any CPU
		{7BAEB5CE-8F42-478D-9D0B-FD26C287D1B8}.CD_ROM|Any CPU.Build.0 = Release|Any CPU
		{7BAEB5CE-8F42-478D-9D0B-FD26C287D1B8}.CD_ROM|Mixed Platforms.ActiveCfg = Release|Any CPU
		{7BAEB5CE-8F42-478D-9D0B-FD26C287D1B8}.CD_ROM|Mixed Platforms.Build.0 = Release|Any CPU
		{7BAEB5CE-8F42-478D-9D0B-FD26C287D1B8}.CD_ROM|Win32.ActiveCfg = Release|Any CPU
		{7BAEB5CE-8F42-478D-9D0B-FD26C287D1B8}.CD_ROM|x64.ActiveCfg = Release|Any CPU
		{7BAEB5CE-8F42-478D-9D0B-FD26C287D1B8}.CD_ROM|x86.ActiveCfg = Release|Any CPU
		{7BAEB5CE-8F42-478D-9D0B-FD26C287D1B8}.Debug|Any CPU.ActiveCfg = Debug|Any CPU
		{7BAEB5CE-8F42-478D-9D0B-FD26C287D1B8}.Debug|Any CPU.Build.0 = Debug|Any CPU
		{7BAEB5CE-8F42-478D-9D0B-FD26C287D1B8}.Debug|Mixed Platforms.ActiveCfg = Debug|x86
		{7BAEB5CE-8F42-478D-9D0B-FD26C287D1B8}.Debug|Mixed Platforms.Build.0 = Debug|x86
		{7BAEB5CE-8F42-478D-9D0B-FD26C287D1B8}.Debug|Win32.ActiveCfg = Debug|Any CPU
		{7BAEB5CE-8F42-478D-9D0B-FD26C287D1B8}.Debug|x64.ActiveCfg = Debug|Any CPU
		{7BAEB5CE-8F42-478D-9D0B-FD26C287D1B8}.Debug|x86.ActiveCfg = Debug|Any CPU
		{7BAEB5CE-8F42-478D-9D0B-FD26C287D1B8}.DVD-5|Any CPU.ActiveCfg = Debug|Any CPU
		{7BAEB5CE-8F42-478D-9D0B-FD26C287D1B8}.DVD-5|Any CPU.Build.0 = Debug|Any CPU
		{7BAEB5CE-8F42-478D-9D0B-FD26C287D1B8}.DVD-5|Mixed Platforms.ActiveCfg = Debug|Any CPU
		{7BAEB5CE-8F42-478D-9D0B-FD26C287D1B8}.DVD-5|Mixed Platforms.Build.0 = Debug|Any CPU
		{7BAEB5CE-8F42-478D-9D0B-FD26C287D1B8}.DVD-5|Win32.ActiveCfg = Debug|Any CPU
		{7BAEB5CE-8F42-478D-9D0B-FD26C287D1B8}.DVD-5|x64.ActiveCfg = Debug|Any CPU
		{7BAEB5CE-8F42-478D-9D0B-FD26C287D1B8}.DVD-5|x86.ActiveCfg = Debug|Any CPU
		{7BAEB5CE-8F42-478D-9D0B-FD26C287D1B8}.Old Tangra|Any CPU.ActiveCfg = Release|Any CPU
		{7BAEB5CE-8F42-478D-9D0B-FD26C287D1B8}.Old Tangra|Any CPU.Build.0 = Release|Any CPU
		{7BAEB5CE-8F42-478D-9D0B-FD26C287D1B8}.Old Tangra|Mixed Platforms.ActiveCfg = Release|Any CPU
		{7BAEB5CE-8F42-478D-9D0B-FD26C287D1B8}.Old Tangra|Mixed Platforms.Build.0 = Release|Any CPU
		{7BAEB5CE-8F42-478D-9D0B-FD26C287D1B8}.Old Tangra|Win32.ActiveCfg = Release|Any CPU
		{7BAEB5CE-8F42-478D-9D0B-FD26C287D1B8}.Old Tangra|x64.ActiveCfg = Release|Any CPU
		{7BAEB5CE-8F42-478D-9D0B-FD26C287D1B8}.Old Tangra|x86.ActiveCfg = Release|Any CPU
		{7BAEB5CE-8F42-478D-9D0B-FD26C287D1B8}.Production|Any CPU.ActiveCfg = Release|Any CPU
		{7BAEB5CE-8F42-478D-9D0B-FD26C287D1B8}.Production|Any CPU.Build.0 = Release|Any CPU
		{7BAEB5CE-8F42-478D-9D0B-FD26C287D1B8}.Production|Mixed Platforms.ActiveCfg = Release|Any CPU
		{7BAEB5CE-8F42-478D-9D0B-FD26C287D1B8}.Production|Mixed Platforms.Build.0 = Release|Any CPU
		{7BAEB5CE-8F42-478D-9D0B-FD26C287D1B8}.Production|Win32.ActiveCfg = Release|Any CPU
		{7BAEB5CE-8F42-478D-9D0B-FD26C287D1B8}.Production|x64.ActiveCfg = Release|Any CPU
		{7BAEB5CE-8F42-478D-9D0B-FD26C287D1B8}.Production|x86.ActiveCfg = Release|Any CPU
		{7BAEB5CE-8F42-478D-9D0B-FD26C287D1B8}.Release|Any CPU.ActiveCfg = Release|Any CPU
		{7BAEB5CE-8F42-478D-9D0B-FD26C287D1B8}.Release|Any CPU.Build.0 = Release|Any CPU
		{7BAEB5CE-8F42-478D-9D0B-FD26C287D1B8}.Release|Mixed Platforms.ActiveCfg = Release|Any CPU
		{7BAEB5CE-8F42-478D-9D0B-FD26C287D1B8}.Release|Mixed Platforms.Build.0 = Release|Any CPU
		{7BAEB5CE-8F42-478D-9D0B-FD26C287D1B8}.Release|Win32.ActiveCfg = Release|Any CPU
		{7BAEB5CE-8F42-478D-9D0B-FD26C287D1B8}.Release|x64.ActiveCfg = Release|Any CPU
		{7BAEB5CE-8F42-478D-9D0B-FD26C287D1B8}.Release|x86.ActiveCfg = Release|Any CPU
		{7BAEB5CE-8F42-478D-9D0B-FD26C287D1B8}.SingleImage|Any CPU.ActiveCfg = Release|Any CPU
		{7BAEB5CE-8F42-478D-9D0B-FD26C287D1B8}.SingleImage|Any CPU.Build.0 = Release|Any CPU
		{7BAEB5CE-8F42-478D-9D0B-FD26C287D1B8}.SingleImage|Mixed Platforms.ActiveCfg = Release|Any CPU
		{7BAEB5CE-8F42-478D-9D0B-FD26C287D1B8}.SingleImage|Mixed Platforms.Build.0 = Release|Any CPU
		{7BAEB5CE-8F42-478D-9D0B-FD26C287D1B8}.SingleImage|Win32.ActiveCfg = Release|Any CPU
		{7BAEB5CE-8F42-478D-9D0B-FD26C287D1B8}.SingleImage|x64.ActiveCfg = Release|Any CPU
		{7BAEB5CE-8F42-478D-9D0B-FD26C287D1B8}.SingleImage|x86.ActiveCfg = Release|Any CPU
		{7BAEB5CE-8F42-478D-9D0B-FD26C287D1B8}.UnitTests|Any CPU.ActiveCfg = Release|Any CPU
		{7BAEB5CE-8F42-478D-9D0B-FD26C287D1B8}.UnitTests|Any CPU.Build.0 = Release|Any CPU
		{7BAEB5CE-8F42-478D-9D0B-FD26C287D1B8}.UnitTests|Mixed Platforms.ActiveCfg = Release|Any CPU
		{7BAEB5CE-8F42-478D-9D0B-FD26C287D1B8}.UnitTests|Mixed Platforms.Build.0 = Release|Any CPU
		{7BAEB5CE-8F42-478D-9D0B-FD26C287D1B8}.UnitTests|Win32.ActiveCfg = Release|Any CPU
		{7BAEB5CE-8F42-478D-9D0B-FD26C287D1B8}.UnitTests|x64.ActiveCfg = Release|Any CPU
		{7BAEB5CE-8F42-478D-9D0B-FD26C287D1B8}.UnitTests|x86.ActiveCfg = Release|Any CPU
		{0376DB73-DE7B-4B26-941E-E5763C0DC1B2}.AutomatedBuild|Any CPU.ActiveCfg = Release|Any CPU
		{0376DB73-DE7B-4B26-941E-E5763C0DC1B2}.AutomatedBuild|Any CPU.Build.0 = Release|Any CPU
		{0376DB73-DE7B-4B26-941E-E5763C0DC1B2}.AutomatedBuild|Mixed Platforms.ActiveCfg = Release|Any CPU
		{0376DB73-DE7B-4B26-941E-E5763C0DC1B2}.AutomatedBuild|Mixed Platforms.Build.0 = Release|Any CPU
		{0376DB73-DE7B-4B26-941E-E5763C0DC1B2}.AutomatedBuild|Win32.ActiveCfg = Release|Any CPU
		{0376DB73-DE7B-4B26-941E-E5763C0DC1B2}.AutomatedBuild|x64.ActiveCfg = Release|Any CPU
		{0376DB73-DE7B-4B26-941E-E5763C0DC1B2}.AutomatedBuild|x86.ActiveCfg = Release|Any CPU
		{0376DB73-DE7B-4B26-941E-E5763C0DC1B2}.CD_ROM|Any CPU.ActiveCfg = Release|Any CPU
		{0376DB73-DE7B-4B26-941E-E5763C0DC1B2}.CD_ROM|Any CPU.Build.0 = Release|Any CPU
		{0376DB73-DE7B-4B26-941E-E5763C0DC1B2}.CD_ROM|Mixed Platforms.ActiveCfg = Release|Any CPU
		{0376DB73-DE7B-4B26-941E-E5763C0DC1B2}.CD_ROM|Mixed Platforms.Build.0 = Release|Any CPU
		{0376DB73-DE7B-4B26-941E-E5763C0DC1B2}.CD_ROM|Win32.ActiveCfg = Release|Any CPU
		{0376DB73-DE7B-4B26-941E-E5763C0DC1B2}.CD_ROM|x64.ActiveCfg = Release|Any CPU
		{0376DB73-DE7B-4B26-941E-E5763C0DC1B2}.CD_ROM|x86.ActiveCfg = Release|Any CPU
		{0376DB73-DE7B-4B26-941E-E5763C0DC1B2}.Debug|Any CPU.ActiveCfg = Debug|Any CPU
		{0376DB73-DE7B-4B26-941E-E5763C0DC1B2}.Debug|Any CPU.Build.0 = Debug|Any CPU
		{0376DB73-DE7B-4B26-941E-E5763C0DC1B2}.Debug|Mixed Platforms.ActiveCfg = Debug|x86
		{0376DB73-DE7B-4B26-941E-E5763C0DC1B2}.Debug|Mixed Platforms.Build.0 = Debug|x86
		{0376DB73-DE7B-4B26-941E-E5763C0DC1B2}.Debug|Win32.ActiveCfg = Debug|Any CPU
		{0376DB73-DE7B-4B26-941E-E5763C0DC1B2}.Debug|x64.ActiveCfg = Debug|Any CPU
		{0376DB73-DE7B-4B26-941E-E5763C0DC1B2}.Debug|x86.ActiveCfg = Debug|Any CPU
		{0376DB73-DE7B-4B26-941E-E5763C0DC1B2}.DVD-5|Any CPU.ActiveCfg = Debug|Any CPU
		{0376DB73-DE7B-4B26-941E-E5763C0DC1B2}.DVD-5|Any CPU.Build.0 = Debug|Any CPU
		{0376DB73-DE7B-4B26-941E-E5763C0DC1B2}.DVD-5|Mixed Platforms.ActiveCfg = Debug|Any CPU
		{0376DB73-DE7B-4B26-941E-E5763C0DC1B2}.DVD-5|Mixed Platforms.Build.0 = Debug|Any CPU
		{0376DB73-DE7B-4B26-941E-E5763C0DC1B2}.DVD-5|Win32.ActiveCfg = Debug|Any CPU
		{0376DB73-DE7B-4B26-941E-E5763C0DC1B2}.DVD-5|x64.ActiveCfg = Debug|Any CPU
		{0376DB73-DE7B-4B26-941E-E5763C0DC1B2}.DVD-5|x86.ActiveCfg = Debug|Any CPU
		{0376DB73-DE7B-4B26-941E-E5763C0DC1B2}.Old Tangra|Any CPU.ActiveCfg = Release|Any CPU
		{0376DB73-DE7B-4B26-941E-E5763C0DC1B2}.Old Tangra|Any CPU.Build.0 = Release|Any CPU
		{0376DB73-DE7B-4B26-941E-E5763C0DC1B2}.Old Tangra|Mixed Platforms.ActiveCfg = Release|Any CPU
		{0376DB73-DE7B-4B26-941E-E5763C0DC1B2}.Old Tangra|Mixed Platforms.Build.0 = Release|Any CPU
		{0376DB73-DE7B-4B26-941E-E5763C0DC1B2}.Old Tangra|Win32.ActiveCfg = Release|Any CPU
		{0376DB73-DE7B-4B26-941E-E5763C0DC1B2}.Old Tangra|x64.ActiveCfg = Release|Any CPU
		{0376DB73-DE7B-4B26-941E-E5763C0DC1B2}.Old Tangra|x86.ActiveCfg = Release|Any CPU
		{0376DB73-DE7B-4B26-941E-E5763C0DC1B2}.Production|Any CPU.ActiveCfg = Release|Any CPU
		{0376DB73-DE7B-4B26-941E-E5763C0DC1B2}.Production|Any CPU.Build.0 = Release|Any CPU
		{0376DB73-DE7B-4B26-941E-E5763C0DC1B2}.Production|Mixed Platforms.ActiveCfg = Release|Any CPU
		{0376DB73-DE7B-4B26-941E-E5763C0DC1B2}.Production|Mixed Platforms.Build.0 = Release|Any CPU
		{0376DB73-DE7B-4B26-941E-E5763C0DC1B2}.Production|Win32.ActiveCfg = Release|Any CPU
		{0376DB73-DE7B-4B26-941E-E5763C0DC1B2}.Production|x64.ActiveCfg = Release|Any CPU
		{0376DB73-DE7B-4B26-941E-E5763C0DC1B2}.Production|x86.ActiveCfg = Release|Any CPU
		{0376DB73-DE7B-4B26-941E-E5763C0DC1B2}.Release|Any CPU.ActiveCfg = Release|Any CPU
		{0376DB73-DE7B-4B26-941E-E5763C0DC1B2}.Release|Any CPU.Build.0 = Release|Any CPU
		{0376DB73-DE7B-4B26-941E-E5763C0DC1B2}.Release|Mixed Platforms.ActiveCfg = Release|Any CPU
		{0376DB73-DE7B-4B26-941E-E5763C0DC1B2}.Release|Mixed Platforms.Build.0 = Release|Any CPU
		{0376DB73-DE7B-4B26-941E-E5763C0DC1B2}.Release|Win32.ActiveCfg = Release|Any CPU
		{0376DB73-DE7B-4B26-941E-E5763C0DC1B2}.Release|x64.ActiveCfg = Release|Any CPU
		{0376DB73-DE7B-4B26-941E-E5763C0DC1B2}.Release|x86.ActiveCfg = Release|Any CPU
		{0376DB73-DE7B-4B26-941E-E5763C0DC1B2}.SingleImage|Any CPU.ActiveCfg = Release|Any CPU
		{0376DB73-DE7B-4B26-941E-E5763C0DC1B2}.SingleImage|Any CPU.Build.0 = Release|Any CPU
		{0376DB73-DE7B-4B26-941E-E5763C0DC1B2}.SingleImage|Mixed Platforms.ActiveCfg = Release|Any CPU
		{0376DB73-DE7B-4B26-941E-E5763C0DC1B2}.SingleImage|Mixed Platforms.Build.0 = Release|Any CPU
		{0376DB73-DE7B-4B26-941E-E5763C0DC1B2}.SingleImage|Win32.ActiveCfg = Release|Any CPU
		{0376DB73-DE7B-4B26-941E-E5763C0DC1B2}.SingleImage|x64.ActiveCfg = Release|Any CPU
		{0376DB73-DE7B-4B26-941E-E5763C0DC1B2}.SingleImage|x86.ActiveCfg = Release|Any CPU
		{0376DB73-DE7B-4B26-941E-E5763C0DC1B2}.UnitTests|Any CPU.ActiveCfg = Release|Any CPU
		{0376DB73-DE7B-4B26-941E-E5763C0DC1B2}.UnitTests|Any CPU.Build.0 = Release|Any CPU
		{0376DB73-DE7B-4B26-941E-E5763C0DC1B2}.UnitTests|Mixed Platforms.ActiveCfg = Release|Any CPU
		{0376DB73-DE7B-4B26-941E-E5763C0DC1B2}.UnitTests|Mixed Platforms.Build.0 = Release|Any CPU
		{0376DB73-DE7B-4B26-941E-E5763C0DC1B2}.UnitTests|Win32.ActiveCfg = Release|Any CPU
		{0376DB73-DE7B-4B26-941E-E5763C0DC1B2}.UnitTests|x64.ActiveCfg = Release|Any CPU
		{0376DB73-DE7B-4B26-941E-E5763C0DC1B2}.UnitTests|x86.ActiveCfg = Release|Any CPU
		{BD4C4C04-D0C5-46AA-B0DF-9FA2C1ECE01A}.AutomatedBuild|Any CPU.ActiveCfg = Release|Any CPU
		{BD4C4C04-D0C5-46AA-B0DF-9FA2C1ECE01A}.AutomatedBuild|Any CPU.Build.0 = Release|Any CPU
		{BD4C4C04-D0C5-46AA-B0DF-9FA2C1ECE01A}.AutomatedBuild|Mixed Platforms.ActiveCfg = Release|Any CPU
		{BD4C4C04-D0C5-46AA-B0DF-9FA2C1ECE01A}.AutomatedBuild|Mixed Platforms.Build.0 = Release|Any CPU
		{BD4C4C04-D0C5-46AA-B0DF-9FA2C1ECE01A}.AutomatedBuild|Win32.ActiveCfg = Release|Any CPU
		{BD4C4C04-D0C5-46AA-B0DF-9FA2C1ECE01A}.AutomatedBuild|x64.ActiveCfg = Release|Any CPU
		{BD4C4C04-D0C5-46AA-B0DF-9FA2C1ECE01A}.AutomatedBuild|x86.ActiveCfg = Release|Any CPU
		{BD4C4C04-D0C5-46AA-B0DF-9FA2C1ECE01A}.CD_ROM|Any CPU.ActiveCfg = Release|Any CPU
		{BD4C4C04-D0C5-46AA-B0DF-9FA2C1ECE01A}.CD_ROM|Any CPU.Build.0 = Release|Any CPU
		{BD4C4C04-D0C5-46AA-B0DF-9FA2C1ECE01A}.CD_ROM|Mixed Platforms.ActiveCfg = Release|Any CPU
		{BD4C4C04-D0C5-46AA-B0DF-9FA2C1ECE01A}.CD_ROM|Mixed Platforms.Build.0 = Release|Any CPU
		{BD4C4C04-D0C5-46AA-B0DF-9FA2C1ECE01A}.CD_ROM|Win32.ActiveCfg = Release|Any CPU
		{BD4C4C04-D0C5-46AA-B0DF-9FA2C1ECE01A}.CD_ROM|x64.ActiveCfg = Release|Any CPU
		{BD4C4C04-D0C5-46AA-B0DF-9FA2C1ECE01A}.CD_ROM|x86.ActiveCfg = Release|Any CPU
		{BD4C4C04-D0C5-46AA-B0DF-9FA2C1ECE01A}.Debug|Any CPU.ActiveCfg = Debug|Any CPU
		{BD4C4C04-D0C5-46AA-B0DF-9FA2C1ECE01A}.Debug|Any CPU.Build.0 = Debug|Any CPU
		{BD4C4C04-D0C5-46AA-B0DF-9FA2C1ECE01A}.Debug|Mixed Platforms.ActiveCfg = Debug|Any CPU
		{BD4C4C04-D0C5-46AA-B0DF-9FA2C1ECE01A}.Debug|Mixed Platforms.Build.0 = Debug|Any CPU
		{BD4C4C04-D0C5-46AA-B0DF-9FA2C1ECE01A}.Debug|Win32.ActiveCfg = Debug|Any CPU
		{BD4C4C04-D0C5-46AA-B0DF-9FA2C1ECE01A}.Debug|x64.ActiveCfg = Debug|Any CPU
		{BD4C4C04-D0C5-46AA-B0DF-9FA2C1ECE01A}.Debug|x86.ActiveCfg = Debug|Any CPU
		{BD4C4C04-D0C5-46AA-B0DF-9FA2C1ECE01A}.DVD-5|Any CPU.ActiveCfg = Debug|Any CPU
		{BD4C4C04-D0C5-46AA-B0DF-9FA2C1ECE01A}.DVD-5|Any CPU.Build.0 = Debug|Any CPU
		{BD4C4C04-D0C5-46AA-B0DF-9FA2C1ECE01A}.DVD-5|Mixed Platforms.ActiveCfg = Debug|Any CPU
		{BD4C4C04-D0C5-46AA-B0DF-9FA2C1ECE01A}.DVD-5|Mixed Platforms.Build.0 = Debug|Any CPU
		{BD4C4C04-D0C5-46AA-B0DF-9FA2C1ECE01A}.DVD-5|Win32.ActiveCfg = Debug|Any CPU
		{BD4C4C04-D0C5-46AA-B0DF-9FA2C1ECE01A}.DVD-5|x64.ActiveCfg = Debug|Any CPU
		{BD4C4C04-D0C5-46AA-B0DF-9FA2C1ECE01A}.DVD-5|x86.ActiveCfg = Debug|Any CPU
		{BD4C4C04-D0C5-46AA-B0DF-9FA2C1ECE01A}.Old Tangra|Any CPU.ActiveCfg = Release|Any CPU
		{BD4C4C04-D0C5-46AA-B0DF-9FA2C1ECE01A}.Old Tangra|Any CPU.Build.0 = Release|Any CPU
		{BD4C4C04-D0C5-46AA-B0DF-9FA2C1ECE01A}.Old Tangra|Mixed Platforms.ActiveCfg = Release|Any CPU
		{BD4C4C04-D0C5-46AA-B0DF-9FA2C1ECE01A}.Old Tangra|Mixed Platforms.Build.0 = Release|Any CPU
		{BD4C4C04-D0C5-46AA-B0DF-9FA2C1ECE01A}.Old Tangra|Win32.ActiveCfg = Release|Any CPU
		{BD4C4C04-D0C5-46AA-B0DF-9FA2C1ECE01A}.Old Tangra|x64.ActiveCfg = Release|Any CPU
		{BD4C4C04-D0C5-46AA-B0DF-9FA2C1ECE01A}.Old Tangra|x86.ActiveCfg = Release|Any CPU
		{BD4C4C04-D0C5-46AA-B0DF-9FA2C1ECE01A}.Production|Any CPU.ActiveCfg = Release|Any CPU
		{BD4C4C04-D0C5-46AA-B0DF-9FA2C1ECE01A}.Production|Any CPU.Build.0 = Release|Any CPU
		{BD4C4C04-D0C5-46AA-B0DF-9FA2C1ECE01A}.Production|Mixed Platforms.ActiveCfg = Release|Any CPU
		{BD4C4C04-D0C5-46AA-B0DF-9FA2C1ECE01A}.Production|Mixed Platforms.Build.0 = Release|Any CPU
		{BD4C4C04-D0C5-46AA-B0DF-9FA2C1ECE01A}.Production|Win32.ActiveCfg = Release|Any CPU
		{BD4C4C04-D0C5-46AA-B0DF-9FA2C1ECE01A}.Production|x64.ActiveCfg = Release|Any CPU
		{BD4C4C04-D0C5-46AA-B0DF-9FA2C1ECE01A}.Production|x86.ActiveCfg = Release|Any CPU
		{BD4C4C04-D0C5-46AA-B0DF-9FA2C1ECE01A}.Release|Any CPU.ActiveCfg = Release|Any CPU
		{BD4C4C04-D0C5-46AA-B0DF-9FA2C1ECE01A}.Release|Any CPU.Build.0 = Release|Any CPU
		{BD4C4C04-D0C5-46AA-B0DF-9FA2C1ECE01A}.Release|Mixed Platforms.ActiveCfg = Release|Any CPU
		{BD4C4C04-D0C5-46AA-B0DF-9FA2C1ECE01A}.Release|Mixed Platforms.Build.0 = Release|Any CPU
		{BD4C4C04-D0C5-46AA-B0DF-9FA2C1ECE01A}.Release|Win32.ActiveCfg = Release|Any CPU
		{BD4C4C04-D0C5-46AA-B0DF-9FA2C1ECE01A}.Release|x64.ActiveCfg = Release|Any CPU
		{BD4C4C04-D0C5-46AA-B0DF-9FA2C1ECE01A}.Release|x86.ActiveCfg = Release|Any CPU
		{BD4C4C04-D0C5-46AA-B0DF-9FA2C1ECE01A}.SingleImage|Any CPU.ActiveCfg = Release|Any CPU
		{BD4C4C04-D0C5-46AA-B0DF-9FA2C1ECE01A}.SingleImage|Any CPU.Build.0 = Release|Any CPU
		{BD4C4C04-D0C5-46AA-B0DF-9FA2C1ECE01A}.SingleImage|Mixed Platforms.ActiveCfg = Release|Any CPU
		{BD4C4C04-D0C5-46AA-B0DF-9FA2C1ECE01A}.SingleImage|Mixed Platforms.Build.0 = Release|Any CPU
		{BD4C4C04-D0C5-46AA-B0DF-9FA2C1ECE01A}.SingleImage|Win32.ActiveCfg = Release|Any CPU
		{BD4C4C04-D0C5-46AA-B0DF-9FA2C1ECE01A}.SingleImage|x64.ActiveCfg = Release|Any CPU
		{BD4C4C04-D0C5-46AA-B0DF-9FA2C1ECE01A}.SingleImage|x86.ActiveCfg = Release|Any CPU
		{BD4C4C04-D0C5-46AA-B0DF-9FA2C1ECE01A}.UnitTests|Any CPU.ActiveCfg = Release|Any CPU
		{BD4C4C04-D0C5-46AA-B0DF-9FA2C1ECE01A}.UnitTests|Any CPU.Build.0 = Release|Any CPU
		{BD4C4C04-D0C5-46AA-B0DF-9FA2C1ECE01A}.UnitTests|Mixed Platforms.ActiveCfg = Release|Any CPU
		{BD4C4C04-D0C5-46AA-B0DF-9FA2C1ECE01A}.UnitTests|Mixed Platforms.Build.0 = Release|Any CPU
		{BD4C4C04-D0C5-46AA-B0DF-9FA2C1ECE01A}.UnitTests|Win32.ActiveCfg = Release|Any CPU
		{BD4C4C04-D0C5-46AA-B0DF-9FA2C1ECE01A}.UnitTests|x64.ActiveCfg = Release|Any CPU
		{BD4C4C04-D0C5-46AA-B0DF-9FA2C1ECE01A}.UnitTests|x86.ActiveCfg = Release|Any CPU
		{82DB8B7E-733C-4376-BF38-E1CA1BDF1A9B}.AutomatedBuild|Any CPU.ActiveCfg = Release|Any CPU
		{82DB8B7E-733C-4376-BF38-E1CA1BDF1A9B}.AutomatedBuild|Any CPU.Build.0 = Release|Any CPU
		{82DB8B7E-733C-4376-BF38-E1CA1BDF1A9B}.AutomatedBuild|Mixed Platforms.ActiveCfg = Release|Any CPU
		{82DB8B7E-733C-4376-BF38-E1CA1BDF1A9B}.AutomatedBuild|Mixed Platforms.Build.0 = Release|Any CPU
		{82DB8B7E-733C-4376-BF38-E1CA1BDF1A9B}.AutomatedBuild|Win32.ActiveCfg = Release|Any CPU
		{82DB8B7E-733C-4376-BF38-E1CA1BDF1A9B}.AutomatedBuild|x64.ActiveCfg = Release|Any CPU
		{82DB8B7E-733C-4376-BF38-E1CA1BDF1A9B}.AutomatedBuild|x86.ActiveCfg = Release|Any CPU
		{82DB8B7E-733C-4376-BF38-E1CA1BDF1A9B}.CD_ROM|Any CPU.ActiveCfg = Release|Any CPU
		{82DB8B7E-733C-4376-BF38-E1CA1BDF1A9B}.CD_ROM|Any CPU.Build.0 = Release|Any CPU
		{82DB8B7E-733C-4376-BF38-E1CA1BDF1A9B}.CD_ROM|Mixed Platforms.ActiveCfg = Release|Any CPU
		{82DB8B7E-733C-4376-BF38-E1CA1BDF1A9B}.CD_ROM|Mixed Platforms.Build.0 = Release|Any CPU
		{82DB8B7E-733C-4376-BF38-E1CA1BDF1A9B}.CD_ROM|Win32.ActiveCfg = Release|Any CPU
		{82DB8B7E-733C-4376-BF38-E1CA1BDF1A9B}.CD_ROM|x64.ActiveCfg = Release|Any CPU
		{82DB8B7E-733C-4376-BF38-E1CA1BDF1A9B}.CD_ROM|x86.ActiveCfg = Release|Any CPU
		{82DB8B7E-733C-4376-BF38-E1CA1BDF1A9B}.Debug|Any CPU.ActiveCfg = Debug|Any CPU
		{82DB8B7E-733C-4376-BF38-E1CA1BDF1A9B}.Debug|Any CPU.Build.0 = Debug|Any CPU
		{82DB8B7E-733C-4376-BF38-E1CA1BDF1A9B}.Debug|Mixed Platforms.ActiveCfg = Debug|Any CPU
		{82DB8B7E-733C-4376-BF38-E1CA1BDF1A9B}.Debug|Mixed Platforms.Build.0 = Debug|Any CPU
		{82DB8B7E-733C-4376-BF38-E1CA1BDF1A9B}.Debug|Win32.ActiveCfg = Debug|Any CPU
		{82DB8B7E-733C-4376-BF38-E1CA1BDF1A9B}.Debug|x64.ActiveCfg = Debug|Any CPU
		{82DB8B7E-733C-4376-BF38-E1CA1BDF1A9B}.Debug|x86.ActiveCfg = Debug|Any CPU
		{82DB8B7E-733C-4376-BF38-E1CA1BDF1A9B}.DVD-5|Any CPU.ActiveCfg = Debug|Any CPU
		{82DB8B7E-733C-4376-BF38-E1CA1BDF1A9B}.DVD-5|Any CPU.Build.0 = Debug|Any CPU
		{82DB8B7E-733C-4376-BF38-E1CA1BDF1A9B}.DVD-5|Mixed Platforms.ActiveCfg = Debug|Any CPU
		{82DB8B7E-733C-4376-BF38-E1CA1BDF1A9B}.DVD-5|Mixed Platforms.Build.0 = Debug|Any CPU
		{82DB8B7E-733C-4376-BF38-E1CA1BDF1A9B}.DVD-5|Win32.ActiveCfg = Debug|Any CPU
		{82DB8B7E-733C-4376-BF38-E1CA1BDF1A9B}.DVD-5|x64.ActiveCfg = Debug|Any CPU
		{82DB8B7E-733C-4376-BF38-E1CA1BDF1A9B}.DVD-5|x86.ActiveCfg = Debug|Any CPU
		{82DB8B7E-733C-4376-BF38-E1CA1BDF1A9B}.Old Tangra|Any CPU.ActiveCfg = Release|Any CPU
		{82DB8B7E-733C-4376-BF38-E1CA1BDF1A9B}.Old Tangra|Any CPU.Build.0 = Release|Any CPU
		{82DB8B7E-733C-4376-BF38-E1CA1BDF1A9B}.Old Tangra|Mixed Platforms.ActiveCfg = Release|Any CPU
		{82DB8B7E-733C-4376-BF38-E1CA1BDF1A9B}.Old Tangra|Mixed Platforms.Build.0 = Release|Any CPU
		{82DB8B7E-733C-4376-BF38-E1CA1BDF1A9B}.Old Tangra|Win32.ActiveCfg = Release|Any CPU
		{82DB8B7E-733C-4376-BF38-E1CA1BDF1A9B}.Old Tangra|x64.ActiveCfg = Release|Any CPU
		{82DB8B7E-733C-4376-BF38-E1CA1BDF1A9B}.Old Tangra|x86.ActiveCfg = Release|Any CPU
		{82DB8B7E-733C-4376-BF38-E1CA1BDF1A9B}.Production|Any CPU.ActiveCfg = Release|Any CPU
		{82DB8B7E-733C-4376-BF38-E1CA1BDF1A9B}.Production|Any CPU.Build.0 = Release|Any CPU
		{82DB8B7E-733C-4376-BF38-E1CA1BDF1A9B}.Production|Mixed Platforms.ActiveCfg = Release|Any CPU
		{82DB8B7E-733C-4376-BF38-E1CA1BDF1A9B}.Production|Mixed Platforms.Build.0 = Release|Any CPU
		{82DB8B7E-733C-4376-BF38-E1CA1BDF1A9B}.Production|Win32.ActiveCfg = Release|Any CPU
		{82DB8B7E-733C-4376-BF38-E1CA1BDF1A9B}.Production|x64.ActiveCfg = Release|Any CPU
		{82DB8B7E-733C-4376-BF38-E1CA1BDF1A9B}.Production|x86.ActiveCfg = Release|Any CPU
		{82DB8B7E-733C-4376-BF38-E1CA1BDF1A9B}.Release|Any CPU.ActiveCfg = Release|Any CPU
		{82DB8B7E-733C-4376-BF38-E1CA1BDF1A9B}.Release|Any CPU.Build.0 = Release|Any CPU
		{82DB8B7E-733C-4376-BF38-E1CA1BDF1A9B}.Release|Mixed Platforms.ActiveCfg = Release|Any CPU
		{82DB8B7E-733C-4376-BF38-E1CA1BDF1A9B}.Release|Mixed Platforms.Build.0 = Release|Any CPU
		{82DB8B7E-733C-4376-BF38-E1CA1BDF1A9B}.Release|Win32.ActiveCfg = Release|Any CPU
		{82DB8B7E-733C-4376-BF38-E1CA1BDF1A9B}.Release|x64.ActiveCfg = Release|Any CPU
		{82DB8B7E-733C-4376-BF38-E1CA1BDF1A9B}.Release|x86.ActiveCfg = Release|Any CPU
		{82DB8B7E-733C-4376-BF38-E1CA1BDF1A9B}.SingleImage|Any CPU.ActiveCfg = Release|Any CPU
		{82DB8B7E-733C-4376-BF38-E1CA1BDF1A9B}.SingleImage|Any CPU.Build.0 = Release|Any CPU
		{82DB8B7E-733C-4376-BF38-E1CA1BDF1A9B}.SingleImage|Mixed Platforms.ActiveCfg = Release|Any CPU
		{82DB8B7E-733C-4376-BF38-E1CA1BDF1A9B}.SingleImage|Mixed Platforms.Build.0 = Release|Any CPU
		{82DB8B7E-733C-4376-BF38-E1CA1BDF1A9B}.SingleImage|Win32.ActiveCfg = Release|Any CPU
		{82DB8B7E-733C-4376-BF38-E1CA1BDF1A9B}.SingleImage|x64.ActiveCfg = Release|Any CPU
		{82DB8B7E-733C-4376-BF38-E1CA1BDF1A9B}.SingleImage|x86.ActiveCfg = Release|Any CPU
		{82DB8B7E-733C-4376-BF38-E1CA1BDF1A9B}.UnitTests|Any CPU.ActiveCfg = Release|Any CPU
		{82DB8B7E-733C-4376-BF38-E1CA1BDF1A9B}.UnitTests|Any CPU.Build.0 = Release|Any CPU
		{82DB8B7E-733C-4376-BF38-E1CA1BDF1A9B}.UnitTests|Mixed Platforms.ActiveCfg = Release|Any CPU
		{82DB8B7E-733C-4376-BF38-E1CA1BDF1A9B}.UnitTests|Mixed Platforms.Build.0 = Release|Any CPU
		{82DB8B7E-733C-4376-BF38-E1CA1BDF1A9B}.UnitTests|Win32.ActiveCfg = Release|Any CPU
		{82DB8B7E-733C-4376-BF38-E1CA1BDF1A9B}.UnitTests|x64.ActiveCfg = Release|Any CPU
		{82DB8B7E-733C-4376-BF38-E1CA1BDF1A9B}.UnitTests|x86.ActiveCfg = Release|Any CPU
		{34FF755A-286F-4A90-AC78-BDD2D5F573C6}.AutomatedBuild|Any CPU.ActiveCfg = Release|Any CPU
		{34FF755A-286F-4A90-AC78-BDD2D5F573C6}.AutomatedBuild|Any CPU.Build.0 = Release|Any CPU
		{34FF755A-286F-4A90-AC78-BDD2D5F573C6}.AutomatedBuild|Mixed Platforms.ActiveCfg = Release|Any CPU
		{34FF755A-286F-4A90-AC78-BDD2D5F573C6}.AutomatedBuild|Mixed Platforms.Build.0 = Release|Any CPU
		{34FF755A-286F-4A90-AC78-BDD2D5F573C6}.AutomatedBuild|Win32.ActiveCfg = Release|Any CPU
		{34FF755A-286F-4A90-AC78-BDD2D5F573C6}.AutomatedBuild|x64.ActiveCfg = Release|Any CPU
		{34FF755A-286F-4A90-AC78-BDD2D5F573C6}.AutomatedBuild|x86.ActiveCfg = Release|Any CPU
		{34FF755A-286F-4A90-AC78-BDD2D5F573C6}.CD_ROM|Any CPU.ActiveCfg = Release|Any CPU
		{34FF755A-286F-4A90-AC78-BDD2D5F573C6}.CD_ROM|Any CPU.Build.0 = Release|Any CPU
		{34FF755A-286F-4A90-AC78-BDD2D5F573C6}.CD_ROM|Mixed Platforms.ActiveCfg = Release|Any CPU
		{34FF755A-286F-4A90-AC78-BDD2D5F573C6}.CD_ROM|Mixed Platforms.Build.0 = Release|Any CPU
		{34FF755A-286F-4A90-AC78-BDD2D5F573C6}.CD_ROM|Win32.ActiveCfg = Release|Any CPU
		{34FF755A-286F-4A90-AC78-BDD2D5F573C6}.CD_ROM|x64.ActiveCfg = Release|Any CPU
		{34FF755A-286F-4A90-AC78-BDD2D5F573C6}.CD_ROM|x86.ActiveCfg = Release|Any CPU
		{34FF755A-286F-4A90-AC78-BDD2D5F573C6}.Debug|Any CPU.ActiveCfg = Debug|Any CPU
		{34FF755A-286F-4A90-AC78-BDD2D5F573C6}.Debug|Any CPU.Build.0 = Debug|Any CPU
		{34FF755A-286F-4A90-AC78-BDD2D5F573C6}.Debug|Mixed Platforms.ActiveCfg = Debug|Any CPU
		{34FF755A-286F-4A90-AC78-BDD2D5F573C6}.Debug|Mixed Platforms.Build.0 = Debug|Any CPU
		{34FF755A-286F-4A90-AC78-BDD2D5F573C6}.Debug|Win32.ActiveCfg = Debug|Any CPU
		{34FF755A-286F-4A90-AC78-BDD2D5F573C6}.Debug|x64.ActiveCfg = Debug|Any CPU
		{34FF755A-286F-4A90-AC78-BDD2D5F573C6}.Debug|x86.ActiveCfg = Debug|Any CPU
		{34FF755A-286F-4A90-AC78-BDD2D5F573C6}.DVD-5|Any CPU.ActiveCfg = Debug|Any CPU
		{34FF755A-286F-4A90-AC78-BDD2D5F573C6}.DVD-5|Any CPU.Build.0 = Debug|Any CPU
		{34FF755A-286F-4A90-AC78-BDD2D5F573C6}.DVD-5|Mixed Platforms.ActiveCfg = Debug|Any CPU
		{34FF755A-286F-4A90-AC78-BDD2D5F573C6}.DVD-5|Mixed Platforms.Build.0 = Debug|Any CPU
		{34FF755A-286F-4A90-AC78-BDD2D5F573C6}.DVD-5|Win32.ActiveCfg = Debug|Any CPU
		{34FF755A-286F-4A90-AC78-BDD2D5F573C6}.DVD-5|x64.ActiveCfg = Debug|Any CPU
		{34FF755A-286F-4A90-AC78-BDD2D5F573C6}.DVD-5|x86.ActiveCfg = Debug|Any CPU
		{34FF755A-286F-4A90-AC78-BDD2D5F573C6}.Old Tangra|Any CPU.ActiveCfg = Release|Any CPU
		{34FF755A-286F-4A90-AC78-BDD2D5F573C6}.Old Tangra|Any CPU.Build.0 = Release|Any CPU
		{34FF755A-286F-4A90-AC78-BDD2D5F573C6}.Old Tangra|Mixed Platforms.ActiveCfg = Release|Any CPU
		{34FF755A-286F-4A90-AC78-BDD2D5F573C6}.Old Tangra|Mixed Platforms.Build.0 = Release|Any CPU
		{34FF755A-286F-4A90-AC78-BDD2D5F573C6}.Old Tangra|Win32.ActiveCfg = Release|Any CPU
		{34FF755A-286F-4A90-AC78-BDD2D5F573C6}.Old Tangra|x64.ActiveCfg = Release|Any CPU
		{34FF755A-286F-4A90-AC78-BDD2D5F573C6}.Old Tangra|x86.ActiveCfg = Release|Any CPU
		{34FF755A-286F-4A90-AC78-BDD2D5F573C6}.Production|Any CPU.ActiveCfg = Release|Any CPU
		{34FF755A-286F-4A90-AC78-BDD2D5F573C6}.Production|Any CPU.Build.0 = Release|Any CPU
		{34FF755A-286F-4A90-AC78-BDD2D5F573C6}.Production|Mixed Platforms.ActiveCfg = Release|Any CPU
		{34FF755A-286F-4A90-AC78-BDD2D5F573C6}.Production|Mixed Platforms.Build.0 = Release|Any CPU
		{34FF755A-286F-4A90-AC78-BDD2D5F573C6}.Production|Win32.ActiveCfg = Release|Any CPU
		{34FF755A-286F-4A90-AC78-BDD2D5F573C6}.Production|x64.ActiveCfg = Release|Any CPU
		{34FF755A-286F-4A90-AC78-BDD2D5F573C6}.Production|x86.ActiveCfg = Release|Any CPU
		{34FF755A-286F-4A90-AC78-BDD2D5F573C6}.Release|Any CPU.ActiveCfg = Release|Any CPU
		{34FF755A-286F-4A90-AC78-BDD2D5F573C6}.Release|Any CPU.Build.0 = Release|Any CPU
		{34FF755A-286F-4A90-AC78-BDD2D5F573C6}.Release|Mixed Platforms.ActiveCfg = Release|Any CPU
		{34FF755A-286F-4A90-AC78-BDD2D5F573C6}.Release|Mixed Platforms.Build.0 = Release|Any CPU
		{34FF755A-286F-4A90-AC78-BDD2D5F573C6}.Release|Win32.ActiveCfg = Release|Any CPU
		{34FF755A-286F-4A90-AC78-BDD2D5F573C6}.Release|x64.ActiveCfg = Release|Any CPU
		{34FF755A-286F-4A90-AC78-BDD2D5F573C6}.Release|x86.ActiveCfg = Release|Any CPU
		{34FF755A-286F-4A90-AC78-BDD2D5F573C6}.SingleImage|Any CPU.ActiveCfg = Release|Any CPU
		{34FF755A-286F-4A90-AC78-BDD2D5F573C6}.SingleImage|Any CPU.Build.0 = Release|Any CPU
		{34FF755A-286F-4A90-AC78-BDD2D5F573C6}.SingleImage|Mixed Platforms.ActiveCfg = Release|Any CPU
		{34FF755A-286F-4A90-AC78-BDD2D5F573C6}.SingleImage|Mixed Platforms.Build.0 = Release|Any CPU
		{34FF755A-286F-4A90-AC78-BDD2D5F573C6}.SingleImage|Win32.ActiveCfg = Release|Any CPU
		{34FF755A-286F-4A90-AC78-BDD2D5F573C6}.SingleImage|x64.ActiveCfg = Release|Any CPU
		{34FF755A-286F-4A90-AC78-BDD2D5F573C6}.SingleImage|x86.ActiveCfg = Release|Any CPU
		{34FF755A-286F-4A90-AC78-BDD2D5F573C6}.UnitTests|Any CPU.ActiveCfg = Release|Any CPU
		{34FF755A-286F-4A90-AC78-BDD2D5F573C6}.UnitTests|Any CPU.Build.0 = Release|Any CPU
		{34FF755A-286F-4A90-AC78-BDD2D5F573C6}.UnitTests|Mixed Platforms.ActiveCfg = Release|Any CPU
		{34FF755A-286F-4A90-AC78-BDD2D5F573C6}.UnitTests|Mixed Platforms.Build.0 = Release|Any CPU
		{34FF755A-286F-4A90-AC78-BDD2D5F573C6}.UnitTests|Win32.ActiveCfg = Release|Any CPU
		{34FF755A-286F-4A90-AC78-BDD2D5F573C6}.UnitTests|x64.ActiveCfg = Release|Any CPU
		{34FF755A-286F-4A90-AC78-BDD2D5F573C6}.UnitTests|x86.ActiveCfg = Release|Any CPU
	EndGlobalSection
	GlobalSection(SolutionProperties) = preSolution
		HideSolutionNode = FALSE
	EndGlobalSection
EndGlobal
