<?xml version="1.0" encoding="utf-8"?>
<Project ToolsVersion="4.0" xmlns="http://schemas.microsoft.com/developer/msbuild/2003">
  <ItemGroup>
    <Filter Include="Source Files">
      <UniqueIdentifier>{4FC737F1-C7A5-4376-A066-2A32D752A2FF}</UniqueIdentifier>
      <Extensions>cpp;c;cc;cxx;def;odl;idl;hpj;bat;asm;asmx</Extensions>
    </Filter>
    <Filter Include="Header Files">
      <UniqueIdentifier>{93995380-89BD-4b04-88EB-625FBE52EBFB}</UniqueIdentifier>
      <Extensions>h;hpp;hxx;hm;inl;inc;xsd</Extensions>
    </Filter>
    <Filter Include="Resource Files">
      <UniqueIdentifier>{67DA6AB6-F800-4c08-8B7A-83BB121AAD01}</UniqueIdentifier>
      <Extensions>rc;ico;cur;bmp;dlg;rc2;rct;bin;rgs;gif;jpg;jpeg;jpe;resx;tiff;tif;png;wav;mfcribbon-ms</Extensions>
    </Filter>
  </ItemGroup>
  <ItemGroup>
    <None Include="ReadMe.txt" />
    <None Include="AAVRec.Core.def">
      <Filter>Source Files</Filter>
    </None>
  </ItemGroup>
  <ItemGroup>
    <ClInclude Include="stdafx.h">
      <Filter>Header Files</Filter>
    </ClInclude>
    <ClInclude Include="targetver.h">
      <Filter>Header Files</Filter>
    </ClInclude>
    <ClInclude Include="AAVRec.Core.h">
      <Filter>Header Files</Filter>
    </ClInclude>
    <ClInclude Include="BitmapUtils.h">
      <Filter>Header Files</Filter>
    </ClInclude>
    <ClInclude Include="IntegratedFrame.h">
      <Filter>Header Files</Filter>
    </ClInclude>
    <ClInclude Include="quicklz.h">
      <Filter>Header Files</Filter>
    </ClInclude>
    <ClInclude Include="utils.h">
      <Filter>Header Files</Filter>
    </ClInclude>
    <ClInclude Include="recording_buffer.h">
      <Filter>Header Files</Filter>
    </ClInclude>
    <ClInclude Include="aav_file.h">
      <Filter>Header Files</Filter>
    </ClInclude>
    <ClInclude Include="aav_frames_index.h">
      <Filter>Header Files</Filter>
    </ClInclude>
    <ClInclude Include="aav_image_layout.h">
      <Filter>Header Files</Filter>
    </ClInclude>
    <ClInclude Include="aav_image_section.h">
      <Filter>Header Files</Filter>
    </ClInclude>
    <ClInclude Include="aav_lib.h">
      <Filter>Header Files</Filter>
    </ClInclude>
    <ClInclude Include="aav_profiling.h">
      <Filter>Header Files</Filter>
    </ClInclude>
    <ClInclude Include="aav_status_section.h">
      <Filter>Header Files</Filter>
    </ClInclude>
    <ClInclude Include="IotaVtiOcr.h">
      <Filter>Header Files</Filter>
    </ClInclude>
    <ClInclude Include="AAVRec.Ocr.h">
      <Filter>Header Files</Filter>
    </ClInclude>
    <ClInclude Include="RawFrame.h">
      <Filter>Header Files</Filter>
    </ClInclude>
    <ClInclude Include="raw_frame_buffer.h">
      <Filter>Header Files</Filter>
    </ClInclude>
    <ClInclude Include="AAVRec.IntegrationChecker.h">
      <Filter>Header Files</Filter>
    </ClInclude>
    <ClInclude Include="SpinLock.h">
      <Filter>Header Files</Filter>
    </ClInclude>
    <ClInclude Include="Helpers.h">
      <Filter>Header Files</Filter>
    </ClInclude>
    <ClInclude Include="SyncLock.h">
      <Filter>Header Files</Filter>
    </ClInclude>
  </ItemGroup>
  <ItemGroup>
    <ClCompile Include="stdafx.cpp">
      <Filter>Source Files</Filter>
    </ClCompile>
    <ClCompile Include="AAVRec.Core.cpp">
      <Filter>Source Files</Filter>
    </ClCompile>
    <ClCompile Include="dllmain.cpp">
      <Filter>Source Files</Filter>
    </ClCompile>
    <ClCompile Include="BitmapUtils.cpp">
      <Filter>Source Files</Filter>
    </ClCompile>
    <ClCompile Include="IntegratedFrame.cpp">
      <Filter>Source Files</Filter>
    </ClCompile>
    <ClCompile Include="utils.cpp">
      <Filter>Source Files</Filter>
    </ClCompile>
    <ClCompile Include="quicklz.cpp">
      <Filter>Source Files</Filter>
    </ClCompile>
    <ClCompile Include="aav_file.cpp">
      <Filter>Source Files</Filter>
    </ClCompile>
    <ClCompile Include="aav_frames_index.cpp">
      <Filter>Source Files</Filter>
    </ClCompile>
    <ClCompile Include="aav_image_layout.cpp">
      <Filter>Source Files</Filter>
    </ClCompile>
    <ClCompile Include="aav_image_section.cpp">
      <Filter>Source Files</Filter>
    </ClCompile>
    <ClCompile Include="aav_lib.cpp">
      <Filter>Source Files</Filter>
    </ClCompile>
    <ClCompile Include="aav_profiling.cpp">
      <Filter>Source Files</Filter>
    </ClCompile>
    <ClCompile Include="aav_status_section.cpp">
      <Filter>Source Files</Filter>
    </ClCompile>
    <ClCompile Include="IotaVtiOcr.cpp">
      <Filter>Source Files</Filter>
    </ClCompile>
    <ClCompile Include="AAVRec.Ocr.cpp">
      <Filter>Source Files</Filter>
    </ClCompile>
    <ClCompile Include="RawFrame.cpp">
      <Filter>Source Files</Filter>
    </ClCompile>
    <ClCompile Include="AAVRec.IntegrationChecker.cpp">
      <Filter>Source Files</Filter>
    </ClCompile>
    <ClCompile Include="SpinLock.cpp">
      <Filter>Source Files</Filter>
    </ClCompile>
    <ClCompile Include="SyncLock.cpp">
      <Filter>Source Files</Filter>
    </ClCompile>
  </ItemGroup>
</Project>